// !$*UTF8*$!
{
	archiveVersion = 1;
	classes = {
	};
	objectVersion = 55;
	objects = {

/* Begin PBXBuildFile section */
		0BED73361B9D646C72AEBA32 /* Pods_Langkawi_iOS.framework in Frameworks */ = {isa = PBXBuildFile; fileRef = 2CC005C4FF07741F899D93DE /* Pods_Langkawi_iOS.framework */; };
		22766530167464AAE58F52BC /* Pods_Langkawi_iOS_Langkawi_iOSUITests.framework in Frameworks */ = {isa = PBXBuildFile; fileRef = 5DE3C9EB39E9A0854524CD91 /* Pods_Langkawi_iOS_Langkawi_iOSUITests.framework */; };
		5EBB9657A979975C0394BBE7 /* Pods_Langkawi_iOSTests.framework in Frameworks */ = {isa = PBXBuildFile; fileRef = 93921279D7228086E98E29B4 /* Pods_Langkawi_iOSTests.framework */; };
		CBE8321128CC266300D8E953 /* Langkawi_iOSTests.swift in Sources */ = {isa = PBXBuildFile; fileRef = CBE8321028CC266300D8E953 /* Langkawi_iOSTests.swift */; };
		CBE8321B28CC266300D8E953 /* Langkawi_iOSUITests.swift in Sources */ = {isa = PBXBuildFile; fileRef = CBE8321A28CC266300D8E953 /* Langkawi_iOSUITests.swift */; };
		CBE8321D28CC266300D8E953 /* Langkawi_iOSUITestsLaunchTests.swift in Sources */ = {isa = PBXBuildFile; fileRef = CBE8321C28CC266300D8E953 /* Langkawi_iOSUITestsLaunchTests.swift */; };
		CBE8328D28CC38BB00D8E953 /* DialogManager.swift in Sources */ = {isa = PBXBuildFile; fileRef = CBE8327528CC38BB00D8E953 /* DialogManager.swift */; };
		CBE8328E28CC38BB00D8E953 /* SwinjectManager.swift in Sources */ = {isa = PBXBuildFile; fileRef = CBE8327628CC38BB00D8E953 /* SwinjectManager.swift */; };
		CBE8328F28CC38BB00D8E953 /* FontSupport.swift in Sources */ = {isa = PBXBuildFile; fileRef = CBE8327728CC38BB00D8E953 /* FontSupport.swift */; };
		CBE8329028CC38BB00D8E953 /* LabelDef.swift in Sources */ = {isa = PBXBuildFile; fileRef = CBE8327828CC38BB00D8E953 /* LabelDef.swift */; };
		CBE8329128CC38BB00D8E953 /* LaunchScreen.storyboard in Resources */ = {isa = PBXBuildFile; fileRef = CBE8327928CC38BB00D8E953 /* LaunchScreen.storyboard */; };
		CBE8329228CC38BB00D8E953 /* ErrorResponse.swift in Sources */ = {isa = PBXBuildFile; fileRef = CBE8327C28CC38BB00D8E953 /* ErrorResponse.swift */; };
		CBE8329328CC38BB00D8E953 /* SuccessResponse.swift in Sources */ = {isa = PBXBuildFile; fileRef = CBE8327D28CC38BB00D8E953 /* SuccessResponse.swift */; };
		CBE8329428CC38BB00D8E953 /* UISupport.swift in Sources */ = {isa = PBXBuildFile; fileRef = CBE8328028CC38BB00D8E953 /* UISupport.swift */; };
		CBE8329528CC38BB00D8E953 /* ProjectTextField.swift in Sources */ = {isa = PBXBuildFile; fileRef = CBE8328128CC38BB00D8E953 /* ProjectTextField.swift */; };
		CBE8329628CC38BB00D8E953 /* MainViewController.swift in Sources */ = {isa = PBXBuildFile; fileRef = CBE8328328CC38BB00D8E953 /* MainViewController.swift */; };
		CBE8329728CC38BB00D8E953 /* LoginViewController.swift in Sources */ = {isa = PBXBuildFile; fileRef = CBE8328528CC38BB00D8E953 /* LoginViewController.swift */; };
		CBE8329828CC38BB00D8E953 /* BaseAPI.swift in Sources */ = {isa = PBXBuildFile; fileRef = CBE8328728CC38BB00D8E953 /* BaseAPI.swift */; };
		CBE8329928CC38BB00D8E953 /* AppDelegate.swift in Sources */ = {isa = PBXBuildFile; fileRef = CBE8328828CC38BB00D8E953 /* AppDelegate.swift */; };
		CBE8329A28CC38BB00D8E953 /* Errors.swift in Sources */ = {isa = PBXBuildFile; fileRef = CBE8328A28CC38BB00D8E953 /* Errors.swift */; };
		CBE8329B28CC38BB00D8E953 /* GlobalExceptionHandler.swift in Sources */ = {isa = PBXBuildFile; fileRef = CBE8328B28CC38BB00D8E953 /* GlobalExceptionHandler.swift */; };
		CBE8329C28CC38BB00D8E953 /* SceneDelegate.swift in Sources */ = {isa = PBXBuildFile; fileRef = CBE8328C28CC38BB00D8E953 /* SceneDelegate.swift */; };
		CBE832A328CC38F500D8E953 /* Assets.xcassets in Resources */ = {isa = PBXBuildFile; fileRef = CBE8329E28CC38F500D8E953 /* Assets.xcassets */; };
		CBE832A428CC38F500D8E953 /* Font Awesome 6 Free-Solid-900.otf in Resources */ = {isa = PBXBuildFile; fileRef = CBE832A028CC38F500D8E953 /* Font Awesome 6 Free-Solid-900.otf */; };
		CBE832A528CC38F500D8E953 /* Font Awesome 6 Free-Regular-400.otf in Resources */ = {isa = PBXBuildFile; fileRef = CBE832A128CC38F500D8E953 /* Font Awesome 6 Free-Regular-400.otf */; };
		CBE832A628CC38F500D8E953 /* Font Awesome 6 Brands-Regular-400.otf in Resources */ = {isa = PBXBuildFile; fileRef = CBE832A228CC38F500D8E953 /* Font Awesome 6 Brands-Regular-400.otf */; };
		CBE832B528CC86F600D8E953 /* DBKeyValue.swift in Sources */ = {isa = PBXBuildFile; fileRef = CBE832B428CC86F600D8E953 /* DBKeyValue.swift */; };
		CBE832B728CC8CDA00D8E953 /* LoginAPI.swift in Sources */ = {isa = PBXBuildFile; fileRef = CBE832B628CC8CDA00D8E953 /* LoginAPI.swift */; };
		CBE832B928CD78C500D8E953 /* RequestAdaptors.swift in Sources */ = {isa = PBXBuildFile; fileRef = CBE832B828CD78C500D8E953 /* RequestAdaptors.swift */; };
		CBE832BB28CDA64900D8E953 /* LoginResponse.swift in Sources */ = {isa = PBXBuildFile; fileRef = CBE832BA28CDA64900D8E953 /* LoginResponse.swift */; };
		CBE832BD28CDA88400D8E953 /* LoginViewModel.swift in Sources */ = {isa = PBXBuildFile; fileRef = CBE832BC28CDA88400D8E953 /* LoginViewModel.swift */; };
		CBE832BF28CDAD1C00D8E953 /* APIHandler.swift in Sources */ = {isa = PBXBuildFile; fileRef = CBE832BE28CDAD1C00D8E953 /* APIHandler.swift */; };
/* End PBXBuildFile section */

/* Begin PBXContainerItemProxy section */
		CBE8320D28CC266300D8E953 /* PBXContainerItemProxy */ = {
			isa = PBXContainerItemProxy;
			containerPortal = CBE831EE28CC266300D8E953 /* Project object */;
			proxyType = 1;
			remoteGlobalIDString = CBE831F528CC266300D8E953;
			remoteInfo = "Langkawi-iOS";
		};
		CBE8321728CC266300D8E953 /* PBXContainerItemProxy */ = {
			isa = PBXContainerItemProxy;
			containerPortal = CBE831EE28CC266300D8E953 /* Project object */;
			proxyType = 1;
			remoteGlobalIDString = CBE831F528CC266300D8E953;
			remoteInfo = "Langkawi-iOS";
		};
		CBE8326728CC31DA00D8E953 /* PBXContainerItemProxy */ = {
			isa = PBXContainerItemProxy;
			containerPortal = CBE8325F28CC31D900D8E953 /* Pods.xcodeproj */;
			proxyType = 2;
			remoteGlobalIDString = 5D797E9A5C5782CE845840781FA1CC81;
			remoteInfo = Alamofire;
		};
		CBE8326928CC31DA00D8E953 /* PBXContainerItemProxy */ = {
			isa = PBXContainerItemProxy;
			containerPortal = CBE8325F28CC31D900D8E953 /* Pods.xcodeproj */;
			proxyType = 2;
			remoteGlobalIDString = C5E7B0BE8D378EC8CABB4DE1542B8703;
			remoteInfo = "Pods-Langkawi-iOS";
		};
		CBE8326B28CC31DA00D8E953 /* PBXContainerItemProxy */ = {
			isa = PBXContainerItemProxy;
			containerPortal = CBE8325F28CC31D900D8E953 /* Pods.xcodeproj */;
			proxyType = 2;
			remoteGlobalIDString = BCB046185C0FDBA4A6A4BBA1FF6CDB48;
			remoteInfo = "Pods-Langkawi-iOS-Langkawi-iOSUITests";
		};
		CBE8326D28CC31DA00D8E953 /* PBXContainerItemProxy */ = {
			isa = PBXContainerItemProxy;
			containerPortal = CBE8325F28CC31D900D8E953 /* Pods.xcodeproj */;
			proxyType = 2;
			remoteGlobalIDString = E0EA1BBD3F8FB24090AAB0A0D49FF012;
			remoteInfo = "Pods-Langkawi-iOSTests";
		};
		CBE8326F28CC31DA00D8E953 /* PBXContainerItemProxy */ = {
			isa = PBXContainerItemProxy;
			containerPortal = CBE8325F28CC31D900D8E953 /* Pods.xcodeproj */;
			proxyType = 2;
			remoteGlobalIDString = 8ACA110EF3B35B3FCC08297B3799D9AD;
			remoteInfo = Swinject;
		};
		CBE832B028CC86D300D8E953 /* PBXContainerItemProxy */ = {
			isa = PBXContainerItemProxy;
			containerPortal = CBE8325F28CC31D900D8E953 /* Pods.xcodeproj */;
			proxyType = 2;
			remoteGlobalIDString = 921BE4A82C4A7A5C72A0C6F8B8FEF200;
			remoteInfo = Realm;
		};
		CBE832B228CC86D300D8E953 /* PBXContainerItemProxy */ = {
			isa = PBXContainerItemProxy;
			containerPortal = CBE8325F28CC31D900D8E953 /* Pods.xcodeproj */;
			proxyType = 2;
			remoteGlobalIDString = 437919EE08EC6BFCCBAC3BD346309742;
			remoteInfo = RealmSwift;
		};
/* End PBXContainerItemProxy section */

/* Begin PBXFileReference section */
		0FB5074A2A7DFD8D6B587B9A /* Pods-Langkawi-iOS-Langkawi-iOSUITests.release.xcconfig */ = {isa = PBXFileReference; includeInIndex = 1; lastKnownFileType = text.xcconfig; name = "Pods-Langkawi-iOS-Langkawi-iOSUITests.release.xcconfig"; path = "Target Support Files/Pods-Langkawi-iOS-Langkawi-iOSUITests/Pods-Langkawi-iOS-Langkawi-iOSUITests.release.xcconfig"; sourceTree = "<group>"; };
		2CC005C4FF07741F899D93DE /* Pods_Langkawi_iOS.framework */ = {isa = PBXFileReference; explicitFileType = wrapper.framework; includeInIndex = 0; path = Pods_Langkawi_iOS.framework; sourceTree = BUILT_PRODUCTS_DIR; };
		5DE3C9EB39E9A0854524CD91 /* Pods_Langkawi_iOS_Langkawi_iOSUITests.framework */ = {isa = PBXFileReference; explicitFileType = wrapper.framework; includeInIndex = 0; path = Pods_Langkawi_iOS_Langkawi_iOSUITests.framework; sourceTree = BUILT_PRODUCTS_DIR; };
		780788BFDD664249FFF35486 /* Pods-Langkawi-iOS.debug.xcconfig */ = {isa = PBXFileReference; includeInIndex = 1; lastKnownFileType = text.xcconfig; name = "Pods-Langkawi-iOS.debug.xcconfig"; path = "Target Support Files/Pods-Langkawi-iOS/Pods-Langkawi-iOS.debug.xcconfig"; sourceTree = "<group>"; };
		7EE08198AA45B70B46AF5D20 /* Pods-Langkawi-iOS-Langkawi-iOSUITests.debug.xcconfig */ = {isa = PBXFileReference; includeInIndex = 1; lastKnownFileType = text.xcconfig; name = "Pods-Langkawi-iOS-Langkawi-iOSUITests.debug.xcconfig"; path = "Target Support Files/Pods-Langkawi-iOS-Langkawi-iOSUITests/Pods-Langkawi-iOS-Langkawi-iOSUITests.debug.xcconfig"; sourceTree = "<group>"; };
		9090AA68838BCBBB7673B2F7 /* Pods-Langkawi-iOS.release.xcconfig */ = {isa = PBXFileReference; includeInIndex = 1; lastKnownFileType = text.xcconfig; name = "Pods-Langkawi-iOS.release.xcconfig"; path = "Target Support Files/Pods-Langkawi-iOS/Pods-Langkawi-iOS.release.xcconfig"; sourceTree = "<group>"; };
		93921279D7228086E98E29B4 /* Pods_Langkawi_iOSTests.framework */ = {isa = PBXFileReference; explicitFileType = wrapper.framework; includeInIndex = 0; path = Pods_Langkawi_iOSTests.framework; sourceTree = BUILT_PRODUCTS_DIR; };
		9BB9A71686E070BDFB597501 /* Pods-Langkawi-iOSTests.debug.xcconfig */ = {isa = PBXFileReference; includeInIndex = 1; lastKnownFileType = text.xcconfig; name = "Pods-Langkawi-iOSTests.debug.xcconfig"; path = "Target Support Files/Pods-Langkawi-iOSTests/Pods-Langkawi-iOSTests.debug.xcconfig"; sourceTree = "<group>"; };
		CBE831F628CC266300D8E953 /* Langkawi-iOS.app */ = {isa = PBXFileReference; explicitFileType = wrapper.application; includeInIndex = 0; path = "Langkawi-iOS.app"; sourceTree = BUILT_PRODUCTS_DIR; };
		CBE8320728CC266300D8E953 /* Info.plist */ = {isa = PBXFileReference; lastKnownFileType = text.plist.xml; path = Info.plist; sourceTree = "<group>"; };
		CBE8320C28CC266300D8E953 /* Langkawi-iOSTests.xctest */ = {isa = PBXFileReference; explicitFileType = wrapper.cfbundle; includeInIndex = 0; path = "Langkawi-iOSTests.xctest"; sourceTree = BUILT_PRODUCTS_DIR; };
		CBE8321028CC266300D8E953 /* Langkawi_iOSTests.swift */ = {isa = PBXFileReference; lastKnownFileType = sourcecode.swift; path = Langkawi_iOSTests.swift; sourceTree = "<group>"; };
		CBE8321628CC266300D8E953 /* Langkawi-iOSUITests.xctest */ = {isa = PBXFileReference; explicitFileType = wrapper.cfbundle; includeInIndex = 0; path = "Langkawi-iOSUITests.xctest"; sourceTree = BUILT_PRODUCTS_DIR; };
		CBE8321A28CC266300D8E953 /* Langkawi_iOSUITests.swift */ = {isa = PBXFileReference; lastKnownFileType = sourcecode.swift; path = Langkawi_iOSUITests.swift; sourceTree = "<group>"; };
		CBE8321C28CC266300D8E953 /* Langkawi_iOSUITestsLaunchTests.swift */ = {isa = PBXFileReference; lastKnownFileType = sourcecode.swift; path = Langkawi_iOSUITestsLaunchTests.swift; sourceTree = "<group>"; };
		CBE8325F28CC31D900D8E953 /* Pods.xcodeproj */ = {isa = PBXFileReference; lastKnownFileType = "wrapper.pb-project"; path = Pods.xcodeproj; sourceTree = "<group>"; };
		CBE8327528CC38BB00D8E953 /* DialogManager.swift */ = {isa = PBXFileReference; fileEncoding = 4; lastKnownFileType = sourcecode.swift; path = DialogManager.swift; sourceTree = "<group>"; };
		CBE8327628CC38BB00D8E953 /* SwinjectManager.swift */ = {isa = PBXFileReference; fileEncoding = 4; lastKnownFileType = sourcecode.swift; path = SwinjectManager.swift; sourceTree = "<group>"; };
		CBE8327728CC38BB00D8E953 /* FontSupport.swift */ = {isa = PBXFileReference; fileEncoding = 4; lastKnownFileType = sourcecode.swift; path = FontSupport.swift; sourceTree = "<group>"; };
		CBE8327828CC38BB00D8E953 /* LabelDef.swift */ = {isa = PBXFileReference; fileEncoding = 4; lastKnownFileType = sourcecode.swift; path = LabelDef.swift; sourceTree = "<group>"; };
		CBE8327A28CC38BB00D8E953 /* Base */ = {isa = PBXFileReference; lastKnownFileType = file.storyboard; name = Base; path = Base.lproj/LaunchScreen.storyboard; sourceTree = "<group>"; };
		CBE8327C28CC38BB00D8E953 /* ErrorResponse.swift */ = {isa = PBXFileReference; fileEncoding = 4; lastKnownFileType = sourcecode.swift; path = ErrorResponse.swift; sourceTree = "<group>"; };
		CBE8327D28CC38BB00D8E953 /* SuccessResponse.swift */ = {isa = PBXFileReference; fileEncoding = 4; lastKnownFileType = sourcecode.swift; path = SuccessResponse.swift; sourceTree = "<group>"; };
		CBE8328028CC38BB00D8E953 /* UISupport.swift */ = {isa = PBXFileReference; fileEncoding = 4; lastKnownFileType = sourcecode.swift; path = UISupport.swift; sourceTree = "<group>"; };
		CBE8328128CC38BB00D8E953 /* ProjectTextField.swift */ = {isa = PBXFileReference; fileEncoding = 4; lastKnownFileType = sourcecode.swift; path = ProjectTextField.swift; sourceTree = "<group>"; };
		CBE8328328CC38BB00D8E953 /* MainViewController.swift */ = {isa = PBXFileReference; fileEncoding = 4; lastKnownFileType = sourcecode.swift; path = MainViewController.swift; sourceTree = "<group>"; };
		CBE8328528CC38BB00D8E953 /* LoginViewController.swift */ = {isa = PBXFileReference; fileEncoding = 4; lastKnownFileType = sourcecode.swift; path = LoginViewController.swift; sourceTree = "<group>"; };
		CBE8328728CC38BB00D8E953 /* BaseAPI.swift */ = {isa = PBXFileReference; fileEncoding = 4; lastKnownFileType = sourcecode.swift; path = BaseAPI.swift; sourceTree = "<group>"; };
		CBE8328828CC38BB00D8E953 /* AppDelegate.swift */ = {isa = PBXFileReference; fileEncoding = 4; lastKnownFileType = sourcecode.swift; path = AppDelegate.swift; sourceTree = "<group>"; };
		CBE8328A28CC38BB00D8E953 /* Errors.swift */ = {isa = PBXFileReference; fileEncoding = 4; lastKnownFileType = sourcecode.swift; path = Errors.swift; sourceTree = "<group>"; };
		CBE8328B28CC38BB00D8E953 /* GlobalExceptionHandler.swift */ = {isa = PBXFileReference; fileEncoding = 4; lastKnownFileType = sourcecode.swift; path = GlobalExceptionHandler.swift; sourceTree = "<group>"; };
		CBE8328C28CC38BB00D8E953 /* SceneDelegate.swift */ = {isa = PBXFileReference; fileEncoding = 4; lastKnownFileType = sourcecode.swift; path = SceneDelegate.swift; sourceTree = "<group>"; };
		CBE8329E28CC38F500D8E953 /* Assets.xcassets */ = {isa = PBXFileReference; lastKnownFileType = folder.assetcatalog; path = Assets.xcassets; sourceTree = "<group>"; };
		CBE832A028CC38F500D8E953 /* Font Awesome 6 Free-Solid-900.otf */ = {isa = PBXFileReference; lastKnownFileType = file; path = "Font Awesome 6 Free-Solid-900.otf"; sourceTree = "<group>"; };
		CBE832A128CC38F500D8E953 /* Font Awesome 6 Free-Regular-400.otf */ = {isa = PBXFileReference; lastKnownFileType = file; path = "Font Awesome 6 Free-Regular-400.otf"; sourceTree = "<group>"; };
		CBE832A228CC38F500D8E953 /* Font Awesome 6 Brands-Regular-400.otf */ = {isa = PBXFileReference; lastKnownFileType = file; path = "Font Awesome 6 Brands-Regular-400.otf"; sourceTree = "<group>"; };
		CBE832B428CC86F600D8E953 /* DBKeyValue.swift */ = {isa = PBXFileReference; lastKnownFileType = sourcecode.swift; path = DBKeyValue.swift; sourceTree = "<group>"; };
		CBE832B628CC8CDA00D8E953 /* LoginAPI.swift */ = {isa = PBXFileReference; lastKnownFileType = sourcecode.swift; path = LoginAPI.swift; sourceTree = "<group>"; };
		CBE832B828CD78C500D8E953 /* RequestAdaptors.swift */ = {isa = PBXFileReference; lastKnownFileType = sourcecode.swift; path = RequestAdaptors.swift; sourceTree = "<group>"; };
		CBE832BA28CDA64900D8E953 /* LoginResponse.swift */ = {isa = PBXFileReference; lastKnownFileType = sourcecode.swift; path = LoginResponse.swift; sourceTree = "<group>"; };
		CBE832BC28CDA88400D8E953 /* LoginViewModel.swift */ = {isa = PBXFileReference; lastKnownFileType = sourcecode.swift; path = LoginViewModel.swift; sourceTree = "<group>"; };
		CBE832BE28CDAD1C00D8E953 /* APIHandler.swift */ = {isa = PBXFileReference; lastKnownFileType = sourcecode.swift; path = APIHandler.swift; sourceTree = "<group>"; };
		EDE25603DB1C09BBAED28223 /* Pods-Langkawi-iOSTests.release.xcconfig */ = {isa = PBXFileReference; includeInIndex = 1; lastKnownFileType = text.xcconfig; name = "Pods-Langkawi-iOSTests.release.xcconfig"; path = "Target Support Files/Pods-Langkawi-iOSTests/Pods-Langkawi-iOSTests.release.xcconfig"; sourceTree = "<group>"; };
/* End PBXFileReference section */

/* Begin PBXFrameworksBuildPhase section */
		CBE831F328CC266300D8E953 /* Frameworks */ = {
			isa = PBXFrameworksBuildPhase;
			buildActionMask = 2147483647;
			files = (
				0BED73361B9D646C72AEBA32 /* Pods_Langkawi_iOS.framework in Frameworks */,
			);
			runOnlyForDeploymentPostprocessing = 0;
		};
		CBE8320928CC266300D8E953 /* Frameworks */ = {
			isa = PBXFrameworksBuildPhase;
			buildActionMask = 2147483647;
			files = (
				5EBB9657A979975C0394BBE7 /* Pods_Langkawi_iOSTests.framework in Frameworks */,
			);
			runOnlyForDeploymentPostprocessing = 0;
		};
		CBE8321328CC266300D8E953 /* Frameworks */ = {
			isa = PBXFrameworksBuildPhase;
			buildActionMask = 2147483647;
			files = (
				22766530167464AAE58F52BC /* Pods_Langkawi_iOS_Langkawi_iOSUITests.framework in Frameworks */,
			);
			runOnlyForDeploymentPostprocessing = 0;
		};
/* End PBXFrameworksBuildPhase section */

/* Begin PBXGroup section */
		C812A51B9D5A4810B22E4992 /* Pods */ = {
			isa = PBXGroup;
			children = (
				CBE8325F28CC31D900D8E953 /* Pods.xcodeproj */,
				780788BFDD664249FFF35486 /* Pods-Langkawi-iOS.debug.xcconfig */,
				9090AA68838BCBBB7673B2F7 /* Pods-Langkawi-iOS.release.xcconfig */,
				7EE08198AA45B70B46AF5D20 /* Pods-Langkawi-iOS-Langkawi-iOSUITests.debug.xcconfig */,
				0FB5074A2A7DFD8D6B587B9A /* Pods-Langkawi-iOS-Langkawi-iOSUITests.release.xcconfig */,
				9BB9A71686E070BDFB597501 /* Pods-Langkawi-iOSTests.debug.xcconfig */,
				EDE25603DB1C09BBAED28223 /* Pods-Langkawi-iOSTests.release.xcconfig */,
			);
			path = Pods;
			sourceTree = "<group>";
		};
		CBE831ED28CC266300D8E953 = {
			isa = PBXGroup;
			children = (
				CBE831F828CC266300D8E953 /* Langkawi-iOS */,
				CBE8320F28CC266300D8E953 /* Langkawi-iOSTests */,
				CBE8321928CC266300D8E953 /* Langkawi-iOSUITests */,
				C812A51B9D5A4810B22E4992 /* Pods */,
				D3EB055DDC6A7638CC8C5665 /* Frameworks */,
				CBE831F728CC266300D8E953 /* Products */,
			);
			sourceTree = "<group>";
		};
		CBE831F728CC266300D8E953 /* Products */ = {
			isa = PBXGroup;
			children = (
				CBE831F628CC266300D8E953 /* Langkawi-iOS.app */,
				CBE8320C28CC266300D8E953 /* Langkawi-iOSTests.xctest */,
				CBE8321628CC266300D8E953 /* Langkawi-iOSUITests.xctest */,
			);
			name = Products;
			sourceTree = "<group>";
		};
		CBE831F828CC266300D8E953 /* Langkawi-iOS */ = {
			isa = PBXGroup;
			children = (
				CBE8320728CC266300D8E953 /* Info.plist */,
				CBE8329D28CC38F500D8E953 /* Resource */,
				CBE8327328CC38BB00D8E953 /* Source */,
			);
			path = "Langkawi-iOS";
			sourceTree = "<group>";
		};
		CBE8320F28CC266300D8E953 /* Langkawi-iOSTests */ = {
			isa = PBXGroup;
			children = (
				CBE8321028CC266300D8E953 /* Langkawi_iOSTests.swift */,
			);
			path = "Langkawi-iOSTests";
			sourceTree = "<group>";
		};
		CBE8321928CC266300D8E953 /* Langkawi-iOSUITests */ = {
			isa = PBXGroup;
			children = (
				CBE8321A28CC266300D8E953 /* Langkawi_iOSUITests.swift */,
				CBE8321C28CC266300D8E953 /* Langkawi_iOSUITestsLaunchTests.swift */,
			);
			path = "Langkawi-iOSUITests";
			sourceTree = "<group>";
		};
		CBE8326028CC31D900D8E953 /* Products */ = {
			isa = PBXGroup;
			children = (
				CBE8326828CC31DA00D8E953 /* Alamofire */,
				CBE8326A28CC31DA00D8E953 /* Pods-Langkawi-iOS */,
				CBE8326C28CC31DA00D8E953 /* Pods-Langkawi-iOS-Langkawi-iOSUITests */,
				CBE8326E28CC31DA00D8E953 /* Pods-Langkawi-iOSTests */,
				CBE832B128CC86D300D8E953 /* Realm */,
				CBE832B328CC86D300D8E953 /* RealmSwift */,
				CBE8327028CC31DA00D8E953 /* Swinject */,
			);
			name = Products;
			sourceTree = "<group>";
		};
		CBE8327328CC38BB00D8E953 /* Source */ = {
			isa = PBXGroup;
			children = (
				CBE8328828CC38BB00D8E953 /* AppDelegate.swift */,
				CBE8328C28CC38BB00D8E953 /* SceneDelegate.swift */,
				CBE8328628CC38BB00D8E953 /* API */,
				CBE8328928CC38BB00D8E953 /* Error */,
				CBE8327928CC38BB00D8E953 /* LaunchScreen.storyboard */,
				CBE8327B28CC38BB00D8E953 /* Model */,
				CBE8327428CC38BB00D8E953 /* Utils */,
				CBE8327E28CC38BB00D8E953 /* View */,
			);
			path = Source;
			sourceTree = "<group>";
		};
		CBE8327428CC38BB00D8E953 /* Utils */ = {
			isa = PBXGroup;
			children = (
				CBE8327528CC38BB00D8E953 /* DialogManager.swift */,
				CBE8327728CC38BB00D8E953 /* FontSupport.swift */,
				CBE8327828CC38BB00D8E953 /* LabelDef.swift */,
				CBE8327628CC38BB00D8E953 /* SwinjectManager.swift */,
			);
			path = Utils;
			sourceTree = "<group>";
		};
		CBE8327B28CC38BB00D8E953 /* Model */ = {
			isa = PBXGroup;
			children = (
				CBE832B428CC86F600D8E953 /* DBKeyValue.swift */,
				CBE8327C28CC38BB00D8E953 /* ErrorResponse.swift */,
				CBE832BA28CDA64900D8E953 /* LoginResponse.swift */,
				CBE8327D28CC38BB00D8E953 /* SuccessResponse.swift */,
			);
			path = Model;
			sourceTree = "<group>";
		};
		CBE8327E28CC38BB00D8E953 /* View */ = {
			isa = PBXGroup;
			children = (
				CBE8327F28CC38BB00D8E953 /* Component */,
				CBE8328228CC38BB00D8E953 /* Screen */,
			);
			path = View;
			sourceTree = "<group>";
		};
		CBE8327F28CC38BB00D8E953 /* Component */ = {
			isa = PBXGroup;
			children = (
				CBE8328128CC38BB00D8E953 /* ProjectTextField.swift */,
				CBE8328028CC38BB00D8E953 /* UISupport.swift */,
			);
			path = Component;
			sourceTree = "<group>";
		};
		CBE8328228CC38BB00D8E953 /* Screen */ = {
			isa = PBXGroup;
			children = (
				CBE8328328CC38BB00D8E953 /* MainViewController.swift */,
				CBE8328428CC38BB00D8E953 /* Login */,
			);
			path = Screen;
			sourceTree = "<group>";
		};
		CBE8328428CC38BB00D8E953 /* Login */ = {
			isa = PBXGroup;
			children = (
				CBE8328528CC38BB00D8E953 /* LoginViewController.swift */,
				CBE832BC28CDA88400D8E953 /* LoginViewModel.swift */,
			);
			path = Login;
			sourceTree = "<group>";
		};
		CBE8328628CC38BB00D8E953 /* API */ = {
			isa = PBXGroup;
			children = (
				CBE8328728CC38BB00D8E953 /* BaseAPI.swift */,
				CBE832B628CC8CDA00D8E953 /* LoginAPI.swift */,
				CBE832B828CD78C500D8E953 /* RequestAdaptors.swift */,
				CBE832BE28CDAD1C00D8E953 /* APIHandler.swift */,
			);
			path = API;
			sourceTree = "<group>";
		};
		CBE8328928CC38BB00D8E953 /* Error */ = {
			isa = PBXGroup;
			children = (
				CBE8328A28CC38BB00D8E953 /* Errors.swift */,
				CBE8328B28CC38BB00D8E953 /* GlobalExceptionHandler.swift */,
			);
			path = Error;
			sourceTree = "<group>";
		};
		CBE8329D28CC38F500D8E953 /* Resource */ = {
			isa = PBXGroup;
			children = (
				CBE8329E28CC38F500D8E953 /* Assets.xcassets */,
				CBE8329F28CC38F500D8E953 /* Fonts */,
			);
			path = Resource;
			sourceTree = "<group>";
		};
		CBE8329F28CC38F500D8E953 /* Fonts */ = {
			isa = PBXGroup;
			children = (
				CBE832A028CC38F500D8E953 /* Font Awesome 6 Free-Solid-900.otf */,
				CBE832A128CC38F500D8E953 /* Font Awesome 6 Free-Regular-400.otf */,
				CBE832A228CC38F500D8E953 /* Font Awesome 6 Brands-Regular-400.otf */,
			);
			path = Fonts;
			sourceTree = "<group>";
		};
		D3EB055DDC6A7638CC8C5665 /* Frameworks */ = {
			isa = PBXGroup;
			children = (
				2CC005C4FF07741F899D93DE /* Pods_Langkawi_iOS.framework */,
				5DE3C9EB39E9A0854524CD91 /* Pods_Langkawi_iOS_Langkawi_iOSUITests.framework */,
				93921279D7228086E98E29B4 /* Pods_Langkawi_iOSTests.framework */,
			);
			name = Frameworks;
			sourceTree = "<group>";
		};
/* End PBXGroup section */

/* Begin PBXNativeTarget section */
		CBE831F528CC266300D8E953 /* Langkawi-iOS */ = {
			isa = PBXNativeTarget;
			buildConfigurationList = CBE8322028CC266300D8E953 /* Build configuration list for PBXNativeTarget "Langkawi-iOS" */;
			buildPhases = (
				DFB00ECC1744A84753CDC2E7 /* [CP] Check Pods Manifest.lock */,
				CBE831F228CC266300D8E953 /* Sources */,
				CBE831F328CC266300D8E953 /* Frameworks */,
				CBE831F428CC266300D8E953 /* Resources */,
				A3182FACBF93B6FC28FE650A /* [CP] Embed Pods Frameworks */,
			);
			buildRules = (
			);
			dependencies = (
			);
			name = "Langkawi-iOS";
			productName = "Langkawi-iOS";
			productReference = CBE831F628CC266300D8E953 /* Langkawi-iOS.app */;
			productType = "com.apple.product-type.application";
		};
		CBE8320B28CC266300D8E953 /* Langkawi-iOSTests */ = {
			isa = PBXNativeTarget;
			buildConfigurationList = CBE8322328CC266300D8E953 /* Build configuration list for PBXNativeTarget "Langkawi-iOSTests" */;
			buildPhases = (
				2C16E03B55AA086593115FBD /* [CP] Check Pods Manifest.lock */,
				CBE8320828CC266300D8E953 /* Sources */,
				CBE8320928CC266300D8E953 /* Frameworks */,
				CBE8320A28CC266300D8E953 /* Resources */,
			);
			buildRules = (
			);
			dependencies = (
				CBE8320E28CC266300D8E953 /* PBXTargetDependency */,
			);
			name = "Langkawi-iOSTests";
			productName = "Langkawi-iOSTests";
			productReference = CBE8320C28CC266300D8E953 /* Langkawi-iOSTests.xctest */;
			productType = "com.apple.product-type.bundle.unit-test";
		};
		CBE8321528CC266300D8E953 /* Langkawi-iOSUITests */ = {
			isa = PBXNativeTarget;
			buildConfigurationList = CBE8322628CC266300D8E953 /* Build configuration list for PBXNativeTarget "Langkawi-iOSUITests" */;
			buildPhases = (
				974E26E9D06F3DD9D91344B5 /* [CP] Check Pods Manifest.lock */,
				CBE8321228CC266300D8E953 /* Sources */,
				CBE8321328CC266300D8E953 /* Frameworks */,
				CBE8321428CC266300D8E953 /* Resources */,
				875069C515DA0D236CA60F93 /* [CP] Embed Pods Frameworks */,
			);
			buildRules = (
			);
			dependencies = (
				CBE8321828CC266300D8E953 /* PBXTargetDependency */,
			);
			name = "Langkawi-iOSUITests";
			productName = "Langkawi-iOSUITests";
			productReference = CBE8321628CC266300D8E953 /* Langkawi-iOSUITests.xctest */;
			productType = "com.apple.product-type.bundle.ui-testing";
		};
/* End PBXNativeTarget section */

/* Begin PBXProject section */
		CBE831EE28CC266300D8E953 /* Project object */ = {
			isa = PBXProject;
			attributes = {
				BuildIndependentTargetsInParallel = 1;
				LastSwiftUpdateCheck = 1340;
				LastUpgradeCheck = 1340;
				TargetAttributes = {
					CBE831F528CC266300D8E953 = {
						CreatedOnToolsVersion = 13.4.1;
					};
					CBE8320B28CC266300D8E953 = {
						CreatedOnToolsVersion = 13.4.1;
						TestTargetID = CBE831F528CC266300D8E953;
					};
					CBE8321528CC266300D8E953 = {
						CreatedOnToolsVersion = 13.4.1;
						TestTargetID = CBE831F528CC266300D8E953;
					};
				};
			};
			buildConfigurationList = CBE831F128CC266300D8E953 /* Build configuration list for PBXProject "Langkawi-iOS" */;
			compatibilityVersion = "Xcode 13.0";
			developmentRegion = en;
			hasScannedForEncodings = 0;
			knownRegions = (
				en,
				Base,
			);
			mainGroup = CBE831ED28CC266300D8E953;
			productRefGroup = CBE831F728CC266300D8E953 /* Products */;
			projectDirPath = "";
			projectReferences = (
				{
					ProductGroup = CBE8326028CC31D900D8E953 /* Products */;
					ProjectRef = CBE8325F28CC31D900D8E953 /* Pods.xcodeproj */;
				},
			);
			projectRoot = "";
			targets = (
				CBE831F528CC266300D8E953 /* Langkawi-iOS */,
				CBE8320B28CC266300D8E953 /* Langkawi-iOSTests */,
				CBE8321528CC266300D8E953 /* Langkawi-iOSUITests */,
			);
		};
/* End PBXProject section */

/* Begin PBXReferenceProxy section */
		CBE8326828CC31DA00D8E953 /* Alamofire */ = {
			isa = PBXReferenceProxy;
			fileType = wrapper.framework;
			name = Alamofire;
			path = Alamofire.framework;
			remoteRef = CBE8326728CC31DA00D8E953 /* PBXContainerItemProxy */;
			sourceTree = BUILT_PRODUCTS_DIR;
		};
		CBE8326A28CC31DA00D8E953 /* Pods-Langkawi-iOS */ = {
			isa = PBXReferenceProxy;
			fileType = wrapper.framework;
			name = "Pods-Langkawi-iOS";
			path = Pods_Langkawi_iOS.framework;
			remoteRef = CBE8326928CC31DA00D8E953 /* PBXContainerItemProxy */;
			sourceTree = BUILT_PRODUCTS_DIR;
		};
		CBE8326C28CC31DA00D8E953 /* Pods-Langkawi-iOS-Langkawi-iOSUITests */ = {
			isa = PBXReferenceProxy;
			fileType = wrapper.framework;
			name = "Pods-Langkawi-iOS-Langkawi-iOSUITests";
			path = Pods_Langkawi_iOS_Langkawi_iOSUITests.framework;
			remoteRef = CBE8326B28CC31DA00D8E953 /* PBXContainerItemProxy */;
			sourceTree = BUILT_PRODUCTS_DIR;
		};
		CBE8326E28CC31DA00D8E953 /* Pods-Langkawi-iOSTests */ = {
			isa = PBXReferenceProxy;
			fileType = wrapper.framework;
			name = "Pods-Langkawi-iOSTests";
			path = Pods_Langkawi_iOSTests.framework;
			remoteRef = CBE8326D28CC31DA00D8E953 /* PBXContainerItemProxy */;
			sourceTree = BUILT_PRODUCTS_DIR;
		};
		CBE8327028CC31DA00D8E953 /* Swinject */ = {
			isa = PBXReferenceProxy;
			fileType = wrapper.framework;
			name = Swinject;
			path = Swinject.framework;
			remoteRef = CBE8326F28CC31DA00D8E953 /* PBXContainerItemProxy */;
			sourceTree = BUILT_PRODUCTS_DIR;
		};
		CBE832B128CC86D300D8E953 /* Realm */ = {
			isa = PBXReferenceProxy;
			fileType = wrapper.framework;
			name = Realm;
			path = Realm.framework;
			remoteRef = CBE832B028CC86D300D8E953 /* PBXContainerItemProxy */;
			sourceTree = BUILT_PRODUCTS_DIR;
		};
		CBE832B328CC86D300D8E953 /* RealmSwift */ = {
			isa = PBXReferenceProxy;
			fileType = wrapper.framework;
			name = RealmSwift;
			path = RealmSwift.framework;
			remoteRef = CBE832B228CC86D300D8E953 /* PBXContainerItemProxy */;
			sourceTree = BUILT_PRODUCTS_DIR;
		};
/* End PBXReferenceProxy section */

/* Begin PBXResourcesBuildPhase section */
		CBE831F428CC266300D8E953 /* Resources */ = {
			isa = PBXResourcesBuildPhase;
			buildActionMask = 2147483647;
			files = (
				CBE832A628CC38F500D8E953 /* Font Awesome 6 Brands-Regular-400.otf in Resources */,
				CBE832A428CC38F500D8E953 /* Font Awesome 6 Free-Solid-900.otf in Resources */,
				CBE832A328CC38F500D8E953 /* Assets.xcassets in Resources */,
				CBE832A528CC38F500D8E953 /* Font Awesome 6 Free-Regular-400.otf in Resources */,
				CBE8329128CC38BB00D8E953 /* LaunchScreen.storyboard in Resources */,
			);
			runOnlyForDeploymentPostprocessing = 0;
		};
		CBE8320A28CC266300D8E953 /* Resources */ = {
			isa = PBXResourcesBuildPhase;
			buildActionMask = 2147483647;
			files = (
			);
			runOnlyForDeploymentPostprocessing = 0;
		};
		CBE8321428CC266300D8E953 /* Resources */ = {
			isa = PBXResourcesBuildPhase;
			buildActionMask = 2147483647;
			files = (
			);
			runOnlyForDeploymentPostprocessing = 0;
		};
/* End PBXResourcesBuildPhase section */

/* Begin PBXShellScriptBuildPhase section */
		2C16E03B55AA086593115FBD /* [CP] Check Pods Manifest.lock */ = {
			isa = PBXShellScriptBuildPhase;
			buildActionMask = 2147483647;
			files = (
			);
			inputFileListPaths = (
			);
			inputPaths = (
				"${PODS_PODFILE_DIR_PATH}/Podfile.lock",
				"${PODS_ROOT}/Manifest.lock",
			);
			name = "[CP] Check Pods Manifest.lock";
			outputFileListPaths = (
			);
			outputPaths = (
				"$(DERIVED_FILE_DIR)/Pods-Langkawi-iOSTests-checkManifestLockResult.txt",
			);
			runOnlyForDeploymentPostprocessing = 0;
			shellPath = /bin/sh;
			shellScript = "diff \"${PODS_PODFILE_DIR_PATH}/Podfile.lock\" \"${PODS_ROOT}/Manifest.lock\" > /dev/null\nif [ $? != 0 ] ; then\n    # print error to STDERR\n    echo \"error: The sandbox is not in sync with the Podfile.lock. Run 'pod install' or update your CocoaPods installation.\" >&2\n    exit 1\nfi\n# This output is used by Xcode 'outputs' to avoid re-running this script phase.\necho \"SUCCESS\" > \"${SCRIPT_OUTPUT_FILE_0}\"\n";
			showEnvVarsInLog = 0;
		};
		875069C515DA0D236CA60F93 /* [CP] Embed Pods Frameworks */ = {
			isa = PBXShellScriptBuildPhase;
			buildActionMask = 2147483647;
			files = (
			);
			inputFileListPaths = (
				"${PODS_ROOT}/Target Support Files/Pods-Langkawi-iOS-Langkawi-iOSUITests/Pods-Langkawi-iOS-Langkawi-iOSUITests-frameworks-${CONFIGURATION}-input-files.xcfilelist",
			);
			name = "[CP] Embed Pods Frameworks";
			outputFileListPaths = (
				"${PODS_ROOT}/Target Support Files/Pods-Langkawi-iOS-Langkawi-iOSUITests/Pods-Langkawi-iOS-Langkawi-iOSUITests-frameworks-${CONFIGURATION}-output-files.xcfilelist",
			);
			runOnlyForDeploymentPostprocessing = 0;
			shellPath = /bin/sh;
			shellScript = "\"${PODS_ROOT}/Target Support Files/Pods-Langkawi-iOS-Langkawi-iOSUITests/Pods-Langkawi-iOS-Langkawi-iOSUITests-frameworks.sh\"\n";
			showEnvVarsInLog = 0;
		};
		974E26E9D06F3DD9D91344B5 /* [CP] Check Pods Manifest.lock */ = {
			isa = PBXShellScriptBuildPhase;
			buildActionMask = 2147483647;
			files = (
			);
			inputFileListPaths = (
			);
			inputPaths = (
				"${PODS_PODFILE_DIR_PATH}/Podfile.lock",
				"${PODS_ROOT}/Manifest.lock",
			);
			name = "[CP] Check Pods Manifest.lock";
			outputFileListPaths = (
			);
			outputPaths = (
				"$(DERIVED_FILE_DIR)/Pods-Langkawi-iOS-Langkawi-iOSUITests-checkManifestLockResult.txt",
			);
			runOnlyForDeploymentPostprocessing = 0;
			shellPath = /bin/sh;
			shellScript = "diff \"${PODS_PODFILE_DIR_PATH}/Podfile.lock\" \"${PODS_ROOT}/Manifest.lock\" > /dev/null\nif [ $? != 0 ] ; then\n    # print error to STDERR\n    echo \"error: The sandbox is not in sync with the Podfile.lock. Run 'pod install' or update your CocoaPods installation.\" >&2\n    exit 1\nfi\n# This output is used by Xcode 'outputs' to avoid re-running this script phase.\necho \"SUCCESS\" > \"${SCRIPT_OUTPUT_FILE_0}\"\n";
			showEnvVarsInLog = 0;
		};
		A3182FACBF93B6FC28FE650A /* [CP] Embed Pods Frameworks */ = {
			isa = PBXShellScriptBuildPhase;
			buildActionMask = 2147483647;
			files = (
			);
			inputFileListPaths = (
				"${PODS_ROOT}/Target Support Files/Pods-Langkawi-iOS/Pods-Langkawi-iOS-frameworks-${CONFIGURATION}-input-files.xcfilelist",
			);
			name = "[CP] Embed Pods Frameworks";
			outputFileListPaths = (
				"${PODS_ROOT}/Target Support Files/Pods-Langkawi-iOS/Pods-Langkawi-iOS-frameworks-${CONFIGURATION}-output-files.xcfilelist",
			);
			runOnlyForDeploymentPostprocessing = 0;
			shellPath = /bin/sh;
			shellScript = "\"${PODS_ROOT}/Target Support Files/Pods-Langkawi-iOS/Pods-Langkawi-iOS-frameworks.sh\"\n";
			showEnvVarsInLog = 0;
		};
		DFB00ECC1744A84753CDC2E7 /* [CP] Check Pods Manifest.lock */ = {
			isa = PBXShellScriptBuildPhase;
			buildActionMask = 2147483647;
			files = (
			);
			inputFileListPaths = (
			);
			inputPaths = (
				"${PODS_PODFILE_DIR_PATH}/Podfile.lock",
				"${PODS_ROOT}/Manifest.lock",
			);
			name = "[CP] Check Pods Manifest.lock";
			outputFileListPaths = (
			);
			outputPaths = (
				"$(DERIVED_FILE_DIR)/Pods-Langkawi-iOS-checkManifestLockResult.txt",
			);
			runOnlyForDeploymentPostprocessing = 0;
			shellPath = /bin/sh;
			shellScript = "diff \"${PODS_PODFILE_DIR_PATH}/Podfile.lock\" \"${PODS_ROOT}/Manifest.lock\" > /dev/null\nif [ $? != 0 ] ; then\n    # print error to STDERR\n    echo \"error: The sandbox is not in sync with the Podfile.lock. Run 'pod install' or update your CocoaPods installation.\" >&2\n    exit 1\nfi\n# This output is used by Xcode 'outputs' to avoid re-running this script phase.\necho \"SUCCESS\" > \"${SCRIPT_OUTPUT_FILE_0}\"\n";
			showEnvVarsInLog = 0;
		};
/* End PBXShellScriptBuildPhase section */

/* Begin PBXSourcesBuildPhase section */
		CBE831F228CC266300D8E953 /* Sources */ = {
			isa = PBXSourcesBuildPhase;
			buildActionMask = 2147483647;
			files = (
				CBE832BF28CDAD1C00D8E953 /* APIHandler.swift in Sources */,
				CBE8329928CC38BB00D8E953 /* AppDelegate.swift in Sources */,
				CBE8329228CC38BB00D8E953 /* ErrorResponse.swift in Sources */,
				CBE832B728CC8CDA00D8E953 /* LoginAPI.swift in Sources */,
				CBE8329528CC38BB00D8E953 /* ProjectTextField.swift in Sources */,
				CBE8329028CC38BB00D8E953 /* LabelDef.swift in Sources */,
				CBE8328F28CC38BB00D8E953 /* FontSupport.swift in Sources */,
				CBE832BB28CDA64900D8E953 /* LoginResponse.swift in Sources */,
				CBE8329C28CC38BB00D8E953 /* SceneDelegate.swift in Sources */,
				CBE832BD28CDA88400D8E953 /* LoginViewModel.swift in Sources */,
				CBE8329428CC38BB00D8E953 /* UISupport.swift in Sources */,
				CBE8328E28CC38BB00D8E953 /* SwinjectManager.swift in Sources */,
				CBE8329A28CC38BB00D8E953 /* Errors.swift in Sources */,
				CBE8329828CC38BB00D8E953 /* BaseAPI.swift in Sources */,
				CBE8329628CC38BB00D8E953 /* MainViewController.swift in Sources */,
				CBE832B528CC86F600D8E953 /* DBKeyValue.swift in Sources */,
				CBE8329328CC38BB00D8E953 /* SuccessResponse.swift in Sources */,
				CBE832B928CD78C500D8E953 /* RequestAdaptors.swift in Sources */,
				CBE8329728CC38BB00D8E953 /* LoginViewController.swift in Sources */,
				CBE8328D28CC38BB00D8E953 /* DialogManager.swift in Sources */,
				CBE8329B28CC38BB00D8E953 /* GlobalExceptionHandler.swift in Sources */,
			);
			runOnlyForDeploymentPostprocessing = 0;
		};
		CBE8320828CC266300D8E953 /* Sources */ = {
			isa = PBXSourcesBuildPhase;
			buildActionMask = 2147483647;
			files = (
				CBE8321128CC266300D8E953 /* Langkawi_iOSTests.swift in Sources */,
			);
			runOnlyForDeploymentPostprocessing = 0;
		};
		CBE8321228CC266300D8E953 /* Sources */ = {
			isa = PBXSourcesBuildPhase;
			buildActionMask = 2147483647;
			files = (
				CBE8321D28CC266300D8E953 /* Langkawi_iOSUITestsLaunchTests.swift in Sources */,
				CBE8321B28CC266300D8E953 /* Langkawi_iOSUITests.swift in Sources */,
			);
			runOnlyForDeploymentPostprocessing = 0;
		};
/* End PBXSourcesBuildPhase section */

/* Begin PBXTargetDependency section */
		CBE8320E28CC266300D8E953 /* PBXTargetDependency */ = {
			isa = PBXTargetDependency;
			target = CBE831F528CC266300D8E953 /* Langkawi-iOS */;
			targetProxy = CBE8320D28CC266300D8E953 /* PBXContainerItemProxy */;
		};
		CBE8321828CC266300D8E953 /* PBXTargetDependency */ = {
			isa = PBXTargetDependency;
			target = CBE831F528CC266300D8E953 /* Langkawi-iOS */;
			targetProxy = CBE8321728CC266300D8E953 /* PBXContainerItemProxy */;
		};
/* End PBXTargetDependency section */

/* Begin PBXVariantGroup section */
		CBE8327928CC38BB00D8E953 /* LaunchScreen.storyboard */ = {
			isa = PBXVariantGroup;
			children = (
				CBE8327A28CC38BB00D8E953 /* Base */,
			);
			name = LaunchScreen.storyboard;
			sourceTree = "<group>";
		};
/* End PBXVariantGroup section */

/* Begin XCBuildConfiguration section */
		CBE8321E28CC266300D8E953 /* Debug */ = {
			isa = XCBuildConfiguration;
			buildSettings = {
				ALWAYS_SEARCH_USER_PATHS = NO;
				CLANG_ANALYZER_NONNULL = YES;
				CLANG_ANALYZER_NUMBER_OBJECT_CONVERSION = YES_AGGRESSIVE;
				CLANG_CXX_LANGUAGE_STANDARD = "gnu++17";
				CLANG_ENABLE_MODULES = YES;
				CLANG_ENABLE_OBJC_ARC = YES;
				CLANG_ENABLE_OBJC_WEAK = YES;
				CLANG_WARN_BLOCK_CAPTURE_AUTORELEASING = YES;
				CLANG_WARN_BOOL_CONVERSION = YES;
				CLANG_WARN_COMMA = YES;
				CLANG_WARN_CONSTANT_CONVERSION = YES;
				CLANG_WARN_DEPRECATED_OBJC_IMPLEMENTATIONS = YES;
				CLANG_WARN_DIRECT_OBJC_ISA_USAGE = YES_ERROR;
				CLANG_WARN_DOCUMENTATION_COMMENTS = YES;
				CLANG_WARN_EMPTY_BODY = YES;
				CLANG_WARN_ENUM_CONVERSION = YES;
				CLANG_WARN_INFINITE_RECURSION = YES;
				CLANG_WARN_INT_CONVERSION = YES;
				CLANG_WARN_NON_LITERAL_NULL_CONVERSION = YES;
				CLANG_WARN_OBJC_IMPLICIT_RETAIN_SELF = YES;
				CLANG_WARN_OBJC_LITERAL_CONVERSION = YES;
				CLANG_WARN_OBJC_ROOT_CLASS = YES_ERROR;
				CLANG_WARN_QUOTED_INCLUDE_IN_FRAMEWORK_HEADER = YES;
				CLANG_WARN_RANGE_LOOP_ANALYSIS = YES;
				CLANG_WARN_STRICT_PROTOTYPES = YES;
				CLANG_WARN_SUSPICIOUS_MOVE = YES;
				CLANG_WARN_UNGUARDED_AVAILABILITY = YES_AGGRESSIVE;
				CLANG_WARN_UNREACHABLE_CODE = YES;
				CLANG_WARN__DUPLICATE_METHOD_MATCH = YES;
				COPY_PHASE_STRIP = NO;
				DEBUG_INFORMATION_FORMAT = dwarf;
				ENABLE_STRICT_OBJC_MSGSEND = YES;
				ENABLE_TESTABILITY = YES;
				GCC_C_LANGUAGE_STANDARD = gnu11;
				GCC_DYNAMIC_NO_PIC = NO;
				GCC_NO_COMMON_BLOCKS = YES;
				GCC_OPTIMIZATION_LEVEL = 0;
				GCC_PREPROCESSOR_DEFINITIONS = (
					"DEBUG=1",
					"$(inherited)",
				);
				GCC_WARN_64_TO_32_BIT_CONVERSION = YES;
				GCC_WARN_ABOUT_RETURN_TYPE = YES_ERROR;
				GCC_WARN_UNDECLARED_SELECTOR = YES;
				GCC_WARN_UNINITIALIZED_AUTOS = YES_AGGRESSIVE;
				GCC_WARN_UNUSED_FUNCTION = YES;
				GCC_WARN_UNUSED_VARIABLE = YES;
				IPHONEOS_DEPLOYMENT_TARGET = 15.5;
				MTL_ENABLE_DEBUG_INFO = INCLUDE_SOURCE;
				MTL_FAST_MATH = YES;
				ONLY_ACTIVE_ARCH = YES;
				SDKROOT = iphoneos;
				SWIFT_ACTIVE_COMPILATION_CONDITIONS = DEBUG;
				SWIFT_OPTIMIZATION_LEVEL = "-Onone";
			};
			name = Debug;
		};
		CBE8321F28CC266300D8E953 /* Release */ = {
			isa = XCBuildConfiguration;
			buildSettings = {
				ALWAYS_SEARCH_USER_PATHS = NO;
				CLANG_ANALYZER_NONNULL = YES;
				CLANG_ANALYZER_NUMBER_OBJECT_CONVERSION = YES_AGGRESSIVE;
				CLANG_CXX_LANGUAGE_STANDARD = "gnu++17";
				CLANG_ENABLE_MODULES = YES;
				CLANG_ENABLE_OBJC_ARC = YES;
				CLANG_ENABLE_OBJC_WEAK = YES;
				CLANG_WARN_BLOCK_CAPTURE_AUTORELEASING = YES;
				CLANG_WARN_BOOL_CONVERSION = YES;
				CLANG_WARN_COMMA = YES;
				CLANG_WARN_CONSTANT_CONVERSION = YES;
				CLANG_WARN_DEPRECATED_OBJC_IMPLEMENTATIONS = YES;
				CLANG_WARN_DIRECT_OBJC_ISA_USAGE = YES_ERROR;
				CLANG_WARN_DOCUMENTATION_COMMENTS = YES;
				CLANG_WARN_EMPTY_BODY = YES;
				CLANG_WARN_ENUM_CONVERSION = YES;
				CLANG_WARN_INFINITE_RECURSION = YES;
				CLANG_WARN_INT_CONVERSION = YES;
				CLANG_WARN_NON_LITERAL_NULL_CONVERSION = YES;
				CLANG_WARN_OBJC_IMPLICIT_RETAIN_SELF = YES;
				CLANG_WARN_OBJC_LITERAL_CONVERSION = YES;
				CLANG_WARN_OBJC_ROOT_CLASS = YES_ERROR;
				CLANG_WARN_QUOTED_INCLUDE_IN_FRAMEWORK_HEADER = YES;
				CLANG_WARN_RANGE_LOOP_ANALYSIS = YES;
				CLANG_WARN_STRICT_PROTOTYPES = YES;
				CLANG_WARN_SUSPICIOUS_MOVE = YES;
				CLANG_WARN_UNGUARDED_AVAILABILITY = YES_AGGRESSIVE;
				CLANG_WARN_UNREACHABLE_CODE = YES;
				CLANG_WARN__DUPLICATE_METHOD_MATCH = YES;
				COPY_PHASE_STRIP = NO;
				DEBUG_INFORMATION_FORMAT = "dwarf-with-dsym";
				ENABLE_NS_ASSERTIONS = NO;
				ENABLE_STRICT_OBJC_MSGSEND = YES;
				GCC_C_LANGUAGE_STANDARD = gnu11;
				GCC_NO_COMMON_BLOCKS = YES;
				GCC_WARN_64_TO_32_BIT_CONVERSION = YES;
				GCC_WARN_ABOUT_RETURN_TYPE = YES_ERROR;
				GCC_WARN_UNDECLARED_SELECTOR = YES;
				GCC_WARN_UNINITIALIZED_AUTOS = YES_AGGRESSIVE;
				GCC_WARN_UNUSED_FUNCTION = YES;
				GCC_WARN_UNUSED_VARIABLE = YES;
				IPHONEOS_DEPLOYMENT_TARGET = 15.5;
				MTL_ENABLE_DEBUG_INFO = NO;
				MTL_FAST_MATH = YES;
				SDKROOT = iphoneos;
				SWIFT_COMPILATION_MODE = wholemodule;
				SWIFT_OPTIMIZATION_LEVEL = "-O";
				VALIDATE_PRODUCT = YES;
			};
			name = Release;
		};
		CBE8322128CC266300D8E953 /* Debug */ = {
			isa = XCBuildConfiguration;
			baseConfigurationReference = 780788BFDD664249FFF35486 /* Pods-Langkawi-iOS.debug.xcconfig */;
			buildSettings = {
				ASSETCATALOG_COMPILER_APPICON_NAME = AppIcon;
				ASSETCATALOG_COMPILER_GLOBAL_ACCENT_COLOR_NAME = AccentColor;
				CODE_SIGN_STYLE = Automatic;
				CURRENT_PROJECT_VERSION = 1;
				DEVELOPMENT_TEAM = 7SCK3YMYAS;
				GENERATE_INFOPLIST_FILE = YES;
				INFOPLIST_FILE = "Langkawi-iOS/Info.plist";
				INFOPLIST_KEY_UIApplicationSupportsIndirectInputEvents = YES;
				INFOPLIST_KEY_UILaunchStoryboardName = LaunchScreen;
				INFOPLIST_KEY_UISupportedInterfaceOrientations_iPhone = "UIInterfaceOrientationPortrait UIInterfaceOrientationLandscapeLeft UIInterfaceOrientationLandscapeRight";
				LD_RUNPATH_SEARCH_PATHS = (
					"$(inherited)",
					"@executable_path/Frameworks",
				);
				MARKETING_VERSION = 1.0;
				PRODUCT_BUNDLE_IDENTIFIER = "com.yukimaterrace.Langkawi-iOS";
				PRODUCT_NAME = "$(TARGET_NAME)";
				SWIFT_EMIT_LOC_STRINGS = YES;
				SWIFT_VERSION = 5.0;
				TARGETED_DEVICE_FAMILY = 1;
			};
			name = Debug;
		};
		CBE8322228CC266300D8E953 /* Release */ = {
			isa = XCBuildConfiguration;
			baseConfigurationReference = 9090AA68838BCBBB7673B2F7 /* Pods-Langkawi-iOS.release.xcconfig */;
			buildSettings = {
				ASSETCATALOG_COMPILER_APPICON_NAME = AppIcon;
				ASSETCATALOG_COMPILER_GLOBAL_ACCENT_COLOR_NAME = AccentColor;
				CODE_SIGN_STYLE = Automatic;
				CURRENT_PROJECT_VERSION = 1;
				DEVELOPMENT_TEAM = 7SCK3YMYAS;
				GENERATE_INFOPLIST_FILE = YES;
				INFOPLIST_FILE = "Langkawi-iOS/Info.plist";
				INFOPLIST_KEY_UIApplicationSupportsIndirectInputEvents = YES;
				INFOPLIST_KEY_UILaunchStoryboardName = LaunchScreen;
				INFOPLIST_KEY_UISupportedInterfaceOrientations_iPhone = "UIInterfaceOrientationPortrait UIInterfaceOrientationLandscapeLeft UIInterfaceOrientationLandscapeRight";
				LD_RUNPATH_SEARCH_PATHS = (
					"$(inherited)",
					"@executable_path/Frameworks",
				);
				MARKETING_VERSION = 1.0;
				PRODUCT_BUNDLE_IDENTIFIER = "com.yukimaterrace.Langkawi-iOS";
				PRODUCT_NAME = "$(TARGET_NAME)";
				SWIFT_EMIT_LOC_STRINGS = YES;
				SWIFT_VERSION = 5.0;
				TARGETED_DEVICE_FAMILY = 1;
			};
			name = Release;
		};
		CBE8322428CC266300D8E953 /* Debug */ = {
			isa = XCBuildConfiguration;
			baseConfigurationReference = 9BB9A71686E070BDFB597501 /* Pods-Langkawi-iOSTests.debug.xcconfig */;
			buildSettings = {
				ALWAYS_EMBED_SWIFT_STANDARD_LIBRARIES = YES;
				BUNDLE_LOADER = "$(TEST_HOST)";
				CODE_SIGN_STYLE = Automatic;
				CURRENT_PROJECT_VERSION = 1;
				DEVELOPMENT_TEAM = 7SCK3YMYAS;
				GENERATE_INFOPLIST_FILE = YES;
				IPHONEOS_DEPLOYMENT_TARGET = 15.5;
				MARKETING_VERSION = 1.0;
				PRODUCT_BUNDLE_IDENTIFIER = "com.yukimaterrace.Langkawi-iOSTests";
				PRODUCT_NAME = "$(TARGET_NAME)";
				SWIFT_EMIT_LOC_STRINGS = NO;
				SWIFT_VERSION = 5.0;
				TARGETED_DEVICE_FAMILY = "1,2";
				TEST_HOST = "$(BUILT_PRODUCTS_DIR)/Langkawi-iOS.app/Langkawi-iOS";
			};
			name = Debug;
		};
		CBE8322528CC266300D8E953 /* Release */ = {
			isa = XCBuildConfiguration;
			baseConfigurationReference = EDE25603DB1C09BBAED28223 /* Pods-Langkawi-iOSTests.release.xcconfig */;
			buildSettings = {
				ALWAYS_EMBED_SWIFT_STANDARD_LIBRARIES = YES;
				BUNDLE_LOADER = "$(TEST_HOST)";
				CODE_SIGN_STYLE = Automatic;
				CURRENT_PROJECT_VERSION = 1;
				DEVELOPMENT_TEAM = 7SCK3YMYAS;
				GENERATE_INFOPLIST_FILE = YES;
				IPHONEOS_DEPLOYMENT_TARGET = 15.5;
				MARKETING_VERSION = 1.0;
				PRODUCT_BUNDLE_IDENTIFIER = "com.yukimaterrace.Langkawi-iOSTests";
				PRODUCT_NAME = "$(TARGET_NAME)";
				SWIFT_EMIT_LOC_STRINGS = NO;
				SWIFT_VERSION = 5.0;
				TARGETED_DEVICE_FAMILY = "1,2";
				TEST_HOST = "$(BUILT_PRODUCTS_DIR)/Langkawi-iOS.app/Langkawi-iOS";
			};
			name = Release;
		};
		CBE8322728CC266300D8E953 /* Debug */ = {
			isa = XCBuildConfiguration;
			baseConfigurationReference = 7EE08198AA45B70B46AF5D20 /* Pods-Langkawi-iOS-Langkawi-iOSUITests.debug.xcconfig */;
			buildSettings = {
				ALWAYS_EMBED_SWIFT_STANDARD_LIBRARIES = YES;
				CODE_SIGN_STYLE = Automatic;
				CURRENT_PROJECT_VERSION = 1;
				DEVELOPMENT_TEAM = 7SCK3YMYAS;
				GENERATE_INFOPLIST_FILE = YES;
				MARKETING_VERSION = 1.0;
				PRODUCT_BUNDLE_IDENTIFIER = "com.yukimaterrace.Langkawi-iOSUITests";
				PRODUCT_NAME = "$(TARGET_NAME)";
				SWIFT_EMIT_LOC_STRINGS = NO;
				SWIFT_VERSION = 5.0;
				TARGETED_DEVICE_FAMILY = "1,2";
				TEST_TARGET_NAME = "Langkawi-iOS";
			};
			name = Debug;
		};
		CBE8322828CC266300D8E953 /* Release */ = {
			isa = XCBuildConfiguration;
			baseConfigurationReference = 0FB5074A2A7DFD8D6B587B9A /* Pods-Langkawi-iOS-Langkawi-iOSUITests.release.xcconfig */;
			buildSettings = {
				ALWAYS_EMBED_SWIFT_STANDARD_LIBRARIES = YES;
				CODE_SIGN_STYLE = Automatic;
				CURRENT_PROJECT_VERSION = 1;
				DEVELOPMENT_TEAM = 7SCK3YMYAS;
				GENERATE_INFOPLIST_FILE = YES;
				MARKETING_VERSION = 1.0;
				PRODUCT_BUNDLE_IDENTIFIER = "com.yukimaterrace.Langkawi-iOSUITests";
				PRODUCT_NAME = "$(TARGET_NAME)";
				SWIFT_EMIT_LOC_STRINGS = NO;
				SWIFT_VERSION = 5.0;
				TARGETED_DEVICE_FAMILY = "1,2";
				TEST_TARGET_NAME = "Langkawi-iOS";
			};
			name = Release;
		};
/* End XCBuildConfiguration section */

/* Begin XCConfigurationList section */
		CBE831F128CC266300D8E953 /* Build configuration list for PBXProject "Langkawi-iOS" */ = {
			isa = XCConfigurationList;
			buildConfigurations = (
				CBE8321E28CC266300D8E953 /* Debug */,
				CBE8321F28CC266300D8E953 /* Release */,
			);
			defaultConfigurationIsVisible = 0;
			defaultConfigurationName = Release;
		};
		CBE8322028CC266300D8E953 /* Build configuration list for PBXNativeTarget "Langkawi-iOS" */ = {
			isa = XCConfigurationList;
			buildConfigurations = (
				CBE8322128CC266300D8E953 /* Debug */,
				CBE8322228CC266300D8E953 /* Release */,
			);
			defaultConfigurationIsVisible = 0;
			defaultConfigurationName = Release;
		};
		CBE8322328CC266300D8E953 /* Build configuration list for PBXNativeTarget "Langkawi-iOSTests" */ = {
			isa = XCConfigurationList;
			buildConfigurations = (
				CBE8322428CC266300D8E953 /* Debug */,
				CBE8322528CC266300D8E953 /* Release */,
			);
			defaultConfigurationIsVisible = 0;
			defaultConfigurationName = Release;
		};
		CBE8322628CC266300D8E953 /* Build configuration list for PBXNativeTarget "Langkawi-iOSUITests" */ = {
			isa = XCConfigurationList;
			buildConfigurations = (
				CBE8322728CC266300D8E953 /* Debug */,
				CBE8322828CC266300D8E953 /* Release */,
			);
			defaultConfigurationIsVisible = 0;
			defaultConfigurationName = Release;
		};
/* End XCConfigurationList section */
	};
	rootObject = CBE831EE28CC266300D8E953 /* Project object */;
}
