// !$*UTF8*$!
{
	archiveVersion = 1;
	classes = {
	};
	objectVersion = 55;
	objects = {

/* Begin PBXBuildFile section */
		0BED73361B9D646C72AEBA32 /* Pods_Langkawi_iOS.framework in Frameworks */ = {isa = PBXBuildFile; fileRef = 2CC005C4FF07741F899D93DE /* Pods_Langkawi_iOS.framework */; };
		22766530167464AAE58F52BC /* Pods_Langkawi_iOS_Langkawi_iOSUITests.framework in Frameworks */ = {isa = PBXBuildFile; fileRef = 5DE3C9EB39E9A0854524CD91 /* Pods_Langkawi_iOS_Langkawi_iOSUITests.framework */; };
		5EBB9657A979975C0394BBE7 /* Pods_Langkawi_iOSTests.framework in Frameworks */ = {isa = PBXBuildFile; fileRef = 93921279D7228086E98E29B4 /* Pods_Langkawi_iOSTests.framework */; };
		CB55F89D28E6798000D3056C /* TalkRoomCell.swift in Sources */ = {isa = PBXBuildFile; fileRef = CB55F89C28E6798000D3056C /* TalkRoomCell.swift */; };
		CB55F89F28E6996C00D3056C /* ModelSupport.swift in Sources */ = {isa = PBXBuildFile; fileRef = CB55F89E28E6996C00D3056C /* ModelSupport.swift */; };
		CB668E0928DA943800A512B7 /* UserDetailViewController.swift in Sources */ = {isa = PBXBuildFile; fileRef = CB668E0828DA943800A512B7 /* UserDetailViewController.swift */; };
		CB668E0B28DA944500A512B7 /* UserDetailViewModel.swift in Sources */ = {isa = PBXBuildFile; fileRef = CB668E0A28DA944500A512B7 /* UserDetailViewModel.swift */; };
		CB668E0D28DB159700A512B7 /* MessageDef.swift in Sources */ = {isa = PBXBuildFile; fileRef = CB668E0C28DB159700A512B7 /* MessageDef.swift */; };
		CB668E1028DC526000A512B7 /* AccountViewController.swift in Sources */ = {isa = PBXBuildFile; fileRef = CB668E0F28DC526000A512B7 /* AccountViewController.swift */; };
		CB668E1228DC548F00A512B7 /* AccountViewModel.swift in Sources */ = {isa = PBXBuildFile; fileRef = CB668E1128DC548F00A512B7 /* AccountViewModel.swift */; };
		CB668E1528E26DD700A512B7 /* NameEditViewController.swift in Sources */ = {isa = PBXBuildFile; fileRef = CB668E1428E26DD700A512B7 /* NameEditViewController.swift */; };
		CB668E1728E26DE400A512B7 /* NameEditViewModel.swift in Sources */ = {isa = PBXBuildFile; fileRef = CB668E1628E26DE400A512B7 /* NameEditViewModel.swift */; };
		CB668E1A28E278F800A512B7 /* PickerViewDialog.swift in Sources */ = {isa = PBXBuildFile; fileRef = CB668E1928E278F800A512B7 /* PickerViewDialog.swift */; };
		CB668E1C28E27E9200A512B7 /* AgePickerViewDialog.swift in Sources */ = {isa = PBXBuildFile; fileRef = CB668E1B28E27E9200A512B7 /* AgePickerViewDialog.swift */; };
		CB668E1E28E283EF00A512B7 /* GenderPickerViewDialog.swift in Sources */ = {isa = PBXBuildFile; fileRef = CB668E1D28E283EF00A512B7 /* GenderPickerViewDialog.swift */; };
		CB668E2028E2D6F100A512B7 /* DescriptionEditViewController.swift in Sources */ = {isa = PBXBuildFile; fileRef = CB668E1F28E2D6F100A512B7 /* DescriptionEditViewController.swift */; };
		CB668E2228E2D75600A512B7 /* DescriptionEditViewModel.swift in Sources */ = {isa = PBXBuildFile; fileRef = CB668E2128E2D75600A512B7 /* DescriptionEditViewModel.swift */; };
		CB668E2428E2D9B000A512B7 /* UserDetailAPI.swift in Sources */ = {isa = PBXBuildFile; fileRef = CB668E2328E2D9B000A512B7 /* UserDetailAPI.swift */; };
		CB668E2628E2DC0D00A512B7 /* ProjectStyles.swift in Sources */ = {isa = PBXBuildFile; fileRef = CB668E2528E2DC0D00A512B7 /* ProjectStyles.swift */; };
		CB668E2828E66A6000A512B7 /* TalkRoomsResponse.swift in Sources */ = {isa = PBXBuildFile; fileRef = CB668E2728E66A6000A512B7 /* TalkRoomsResponse.swift */; };
		CB668E2A28E66A7300A512B7 /* TalkResponse.swift in Sources */ = {isa = PBXBuildFile; fileRef = CB668E2928E66A7300A512B7 /* TalkResponse.swift */; };
		CB668E2C28E66AA300A512B7 /* SubmitterType.swift in Sources */ = {isa = PBXBuildFile; fileRef = CB668E2B28E66AA300A512B7 /* SubmitterType.swift */; };
		CB668E2E28E66DB900A512B7 /* TalkRoom.swift in Sources */ = {isa = PBXBuildFile; fileRef = CB668E2D28E66DB900A512B7 /* TalkRoom.swift */; };
		CB668E3028E66E8E00A512B7 /* TalksResponse.swift in Sources */ = {isa = PBXBuildFile; fileRef = CB668E2F28E66E8E00A512B7 /* TalksResponse.swift */; };
		CB668E3228E6708500A512B7 /* TalkAPI.swift in Sources */ = {isa = PBXBuildFile; fileRef = CB668E3128E6708500A512B7 /* TalkAPI.swift */; };
		CB668E3428E6715600A512B7 /* TalkStatus.swift in Sources */ = {isa = PBXBuildFile; fileRef = CB668E3328E6715600A512B7 /* TalkStatus.swift */; };
		CB668E3728E6747E00A512B7 /* TalkRoomViewController.swift in Sources */ = {isa = PBXBuildFile; fileRef = CB668E3628E6747E00A512B7 /* TalkRoomViewController.swift */; };
		CB668E3928E674B600A512B7 /* TalkRoomViewModel.swift in Sources */ = {isa = PBXBuildFile; fileRef = CB668E3828E674B600A512B7 /* TalkRoomViewModel.swift */; };
		CBE8321128CC266300D8E953 /* Langkawi_iOSTests.swift in Sources */ = {isa = PBXBuildFile; fileRef = CBE8321028CC266300D8E953 /* Langkawi_iOSTests.swift */; };
		CBE8321B28CC266300D8E953 /* Langkawi_iOSUITests.swift in Sources */ = {isa = PBXBuildFile; fileRef = CBE8321A28CC266300D8E953 /* Langkawi_iOSUITests.swift */; };
		CBE8321D28CC266300D8E953 /* Langkawi_iOSUITestsLaunchTests.swift in Sources */ = {isa = PBXBuildFile; fileRef = CBE8321C28CC266300D8E953 /* Langkawi_iOSUITestsLaunchTests.swift */; };
		CBE8328D28CC38BB00D8E953 /* DialogManager.swift in Sources */ = {isa = PBXBuildFile; fileRef = CBE8327528CC38BB00D8E953 /* DialogManager.swift */; };
		CBE8328E28CC38BB00D8E953 /* SwinjectManager.swift in Sources */ = {isa = PBXBuildFile; fileRef = CBE8327628CC38BB00D8E953 /* SwinjectManager.swift */; };
		CBE8328F28CC38BB00D8E953 /* FontSupport.swift in Sources */ = {isa = PBXBuildFile; fileRef = CBE8327728CC38BB00D8E953 /* FontSupport.swift */; };
		CBE8329028CC38BB00D8E953 /* LabelDef.swift in Sources */ = {isa = PBXBuildFile; fileRef = CBE8327828CC38BB00D8E953 /* LabelDef.swift */; };
		CBE8329128CC38BB00D8E953 /* LaunchScreen.storyboard in Resources */ = {isa = PBXBuildFile; fileRef = CBE8327928CC38BB00D8E953 /* LaunchScreen.storyboard */; };
		CBE8329228CC38BB00D8E953 /* ErrorResponse.swift in Sources */ = {isa = PBXBuildFile; fileRef = CBE8327C28CC38BB00D8E953 /* ErrorResponse.swift */; };
		CBE8329328CC38BB00D8E953 /* SuccessResponse.swift in Sources */ = {isa = PBXBuildFile; fileRef = CBE8327D28CC38BB00D8E953 /* SuccessResponse.swift */; };
		CBE8329428CC38BB00D8E953 /* UISupport.swift in Sources */ = {isa = PBXBuildFile; fileRef = CBE8328028CC38BB00D8E953 /* UISupport.swift */; };
		CBE8329528CC38BB00D8E953 /* ProjectTextField.swift in Sources */ = {isa = PBXBuildFile; fileRef = CBE8328128CC38BB00D8E953 /* ProjectTextField.swift */; };
		CBE8329628CC38BB00D8E953 /* HomeViewController.swift in Sources */ = {isa = PBXBuildFile; fileRef = CBE8328328CC38BB00D8E953 /* HomeViewController.swift */; };
		CBE8329728CC38BB00D8E953 /* LoginViewController.swift in Sources */ = {isa = PBXBuildFile; fileRef = CBE8328528CC38BB00D8E953 /* LoginViewController.swift */; };
		CBE8329828CC38BB00D8E953 /* BaseAPI.swift in Sources */ = {isa = PBXBuildFile; fileRef = CBE8328728CC38BB00D8E953 /* BaseAPI.swift */; };
		CBE8329928CC38BB00D8E953 /* AppDelegate.swift in Sources */ = {isa = PBXBuildFile; fileRef = CBE8328828CC38BB00D8E953 /* AppDelegate.swift */; };
		CBE8329A28CC38BB00D8E953 /* Errors.swift in Sources */ = {isa = PBXBuildFile; fileRef = CBE8328A28CC38BB00D8E953 /* Errors.swift */; };
		CBE8329B28CC38BB00D8E953 /* GlobalErrorHandler.swift in Sources */ = {isa = PBXBuildFile; fileRef = CBE8328B28CC38BB00D8E953 /* GlobalErrorHandler.swift */; };
		CBE8329C28CC38BB00D8E953 /* SceneDelegate.swift in Sources */ = {isa = PBXBuildFile; fileRef = CBE8328C28CC38BB00D8E953 /* SceneDelegate.swift */; };
		CBE832A328CC38F500D8E953 /* Assets.xcassets in Resources */ = {isa = PBXBuildFile; fileRef = CBE8329E28CC38F500D8E953 /* Assets.xcassets */; };
		CBE832A428CC38F500D8E953 /* Font Awesome 6 Free-Solid-900.otf in Resources */ = {isa = PBXBuildFile; fileRef = CBE832A028CC38F500D8E953 /* Font Awesome 6 Free-Solid-900.otf */; };
		CBE832A528CC38F500D8E953 /* Font Awesome 6 Free-Regular-400.otf in Resources */ = {isa = PBXBuildFile; fileRef = CBE832A128CC38F500D8E953 /* Font Awesome 6 Free-Regular-400.otf */; };
		CBE832A628CC38F500D8E953 /* Font Awesome 6 Brands-Regular-400.otf in Resources */ = {isa = PBXBuildFile; fileRef = CBE832A228CC38F500D8E953 /* Font Awesome 6 Brands-Regular-400.otf */; };
		CBE832B528CC86F600D8E953 /* DBKeyValue.swift in Sources */ = {isa = PBXBuildFile; fileRef = CBE832B428CC86F600D8E953 /* DBKeyValue.swift */; };
		CBE832B728CC8CDA00D8E953 /* LoginAPI.swift in Sources */ = {isa = PBXBuildFile; fileRef = CBE832B628CC8CDA00D8E953 /* LoginAPI.swift */; };
		CBE832B928CD78C500D8E953 /* RequestAdaptors.swift in Sources */ = {isa = PBXBuildFile; fileRef = CBE832B828CD78C500D8E953 /* RequestAdaptors.swift */; };
		CBE832BB28CDA64900D8E953 /* LoginResponse.swift in Sources */ = {isa = PBXBuildFile; fileRef = CBE832BA28CDA64900D8E953 /* LoginResponse.swift */; };
		CBE832BD28CDA88400D8E953 /* LoginViewModel.swift in Sources */ = {isa = PBXBuildFile; fileRef = CBE832BC28CDA88400D8E953 /* LoginViewModel.swift */; };
		CBE832BF28CDAD1C00D8E953 /* APIHandler.swift in Sources */ = {isa = PBXBuildFile; fileRef = CBE832BE28CDAD1C00D8E953 /* APIHandler.swift */; };
		CBE832C128CEA47300D8E953 /* MainTabBarController.swift in Sources */ = {isa = PBXBuildFile; fileRef = CBE832C028CEA47300D8E953 /* MainTabBarController.swift */; };
		CBE832C628D158BE00D8E953 /* UsersViewController.swift in Sources */ = {isa = PBXBuildFile; fileRef = CBE832C528D158BE00D8E953 /* UsersViewController.swift */; };
		CBE832C928D1625500D8E953 /* UserCell.swift in Sources */ = {isa = PBXBuildFile; fileRef = CBE832C828D1625500D8E953 /* UserCell.swift */; };
		CBE832CB28D1735E00D8E953 /* UserAPI.swift in Sources */ = {isa = PBXBuildFile; fileRef = CBE832CA28D1735E00D8E953 /* UserAPI.swift */; };
		CBE832CD28D1747400D8E953 /* UsersResponse.swift in Sources */ = {isa = PBXBuildFile; fileRef = CBE832CC28D1747400D8E953 /* UsersResponse.swift */; };
		CBE832D028D1750800D8E953 /* UserType.swift in Sources */ = {isa = PBXBuildFile; fileRef = CBE832CF28D1750800D8E953 /* UserType.swift */; };
		CBE832D228D175C500D8E953 /* GenderType.swift in Sources */ = {isa = PBXBuildFile; fileRef = CBE832D128D175C500D8E953 /* GenderType.swift */; };
		CBE832D428D1A2FF00D8E953 /* User.swift in Sources */ = {isa = PBXBuildFile; fileRef = CBE832D328D1A2FF00D8E953 /* User.swift */; };
		CBE832D628D1A79800D8E953 /* UserDetail.swift in Sources */ = {isa = PBXBuildFile; fileRef = CBE832D528D1A79800D8E953 /* UserDetail.swift */; };
		CBE832D828D1A7E700D8E953 /* ImageUrl.swift in Sources */ = {isa = PBXBuildFile; fileRef = CBE832D728D1A7E700D8E953 /* ImageUrl.swift */; };
		CBE832DA28D1B28E00D8E953 /* UsersViewModel.swift in Sources */ = {isa = PBXBuildFile; fileRef = CBE832D928D1B28E00D8E953 /* UsersViewModel.swift */; };
		CBE832DC28D2AA5F00D8E953 /* ImageAPI.swift in Sources */ = {isa = PBXBuildFile; fileRef = CBE832DB28D2AA5F00D8E953 /* ImageAPI.swift */; };
		CBE832DE28D2FE7F00D8E953 /* DialogEventSupport.swift in Sources */ = {isa = PBXBuildFile; fileRef = CBE832DD28D2FE7F00D8E953 /* DialogEventSupport.swift */; };
		CBE832E228D3191A00D8E953 /* LifecycleInjector.swift in Sources */ = {isa = PBXBuildFile; fileRef = CBE832E128D3191A00D8E953 /* LifecycleInjector.swift */; };
		CBE832E428D31A1500D8E953 /* BaseViewController.swift in Sources */ = {isa = PBXBuildFile; fileRef = CBE832E328D31A1500D8E953 /* BaseViewController.swift */; };
		CBE832E628D321B300D8E953 /* UseEffectSupport.swift in Sources */ = {isa = PBXBuildFile; fileRef = CBE832E528D321B300D8E953 /* UseEffectSupport.swift */; };
		CBE832E828D697B000D8E953 /* RelationStatus.swift in Sources */ = {isa = PBXBuildFile; fileRef = CBE832E728D697B000D8E953 /* RelationStatus.swift */; };
		CBE832EA28D6980900D8E953 /* RelationPositionStatus.swift in Sources */ = {isa = PBXBuildFile; fileRef = CBE832E928D6980900D8E953 /* RelationPositionStatus.swift */; };
		CBE832EC28D6994600D8E953 /* RelationResponse.swift in Sources */ = {isa = PBXBuildFile; fileRef = CBE832EB28D6994600D8E953 /* RelationResponse.swift */; };
		CBE832EE28D699B000D8E953 /* RelationsResponse.swift in Sources */ = {isa = PBXBuildFile; fileRef = CBE832ED28D699B000D8E953 /* RelationsResponse.swift */; };
		CBE832F028D69F2C00D8E953 /* UserIntroductionCell.swift in Sources */ = {isa = PBXBuildFile; fileRef = CBE832EF28D69F2C00D8E953 /* UserIntroductionCell.swift */; };
		CBE832F228D6A2B300D8E953 /* UserNameCell.swift in Sources */ = {isa = PBXBuildFile; fileRef = CBE832F128D6A2B300D8E953 /* UserNameCell.swift */; };
		CBE832F428D6A57100D8E953 /* RelatedUsersViewController.swift in Sources */ = {isa = PBXBuildFile; fileRef = CBE832F328D6A57100D8E953 /* RelatedUsersViewController.swift */; };
		CBE832F628D6A58600D8E953 /* RelatedUsersViewModel.swift in Sources */ = {isa = PBXBuildFile; fileRef = CBE832F528D6A58600D8E953 /* RelatedUsersViewModel.swift */; };
		CBE832F828D6B55F00D8E953 /* RelationAPI.swift in Sources */ = {isa = PBXBuildFile; fileRef = CBE832F728D6B55F00D8E953 /* RelationAPI.swift */; };
		CBE832FC28D9424900D8E953 /* LoginTokenManager.swift in Sources */ = {isa = PBXBuildFile; fileRef = CBE832FB28D9424900D8E953 /* LoginTokenManager.swift */; };
		CBE832FF28D955AB00D8E953 /* FindViewController.swift in Sources */ = {isa = PBXBuildFile; fileRef = CBE832FE28D955AB00D8E953 /* FindViewController.swift */; };
		CBE8330128D960E000D8E953 /* FindViewModel.swift in Sources */ = {isa = PBXBuildFile; fileRef = CBE8330028D960E000D8E953 /* FindViewModel.swift */; };
		CBE8330428D9983700D8E953 /* PositionStatusUsersViewController.swift in Sources */ = {isa = PBXBuildFile; fileRef = CBE8330328D9983700D8E953 /* PositionStatusUsersViewController.swift */; };
		CBE8330628D9986300D8E953 /* PositionStatusUsersViewModel.swift in Sources */ = {isa = PBXBuildFile; fileRef = CBE8330528D9986300D8E953 /* PositionStatusUsersViewModel.swift */; };
/* End PBXBuildFile section */

/* Begin PBXContainerItemProxy section */
		CBE8320D28CC266300D8E953 /* PBXContainerItemProxy */ = {
			isa = PBXContainerItemProxy;
			containerPortal = CBE831EE28CC266300D8E953 /* Project object */;
			proxyType = 1;
			remoteGlobalIDString = CBE831F528CC266300D8E953;
			remoteInfo = "Langkawi-iOS";
		};
		CBE8321728CC266300D8E953 /* PBXContainerItemProxy */ = {
			isa = PBXContainerItemProxy;
			containerPortal = CBE831EE28CC266300D8E953 /* Project object */;
			proxyType = 1;
			remoteGlobalIDString = CBE831F528CC266300D8E953;
			remoteInfo = "Langkawi-iOS";
		};
		CBE8326728CC31DA00D8E953 /* PBXContainerItemProxy */ = {
			isa = PBXContainerItemProxy;
			containerPortal = CBE8325F28CC31D900D8E953 /* Pods.xcodeproj */;
			proxyType = 2;
			remoteGlobalIDString = 5D797E9A5C5782CE845840781FA1CC81;
			remoteInfo = Alamofire;
		};
		CBE8326928CC31DA00D8E953 /* PBXContainerItemProxy */ = {
			isa = PBXContainerItemProxy;
			containerPortal = CBE8325F28CC31D900D8E953 /* Pods.xcodeproj */;
			proxyType = 2;
			remoteGlobalIDString = C5E7B0BE8D378EC8CABB4DE1542B8703;
			remoteInfo = "Pods-Langkawi-iOS";
		};
		CBE8326B28CC31DA00D8E953 /* PBXContainerItemProxy */ = {
			isa = PBXContainerItemProxy;
			containerPortal = CBE8325F28CC31D900D8E953 /* Pods.xcodeproj */;
			proxyType = 2;
			remoteGlobalIDString = BCB046185C0FDBA4A6A4BBA1FF6CDB48;
			remoteInfo = "Pods-Langkawi-iOS-Langkawi-iOSUITests";
		};
		CBE8326D28CC31DA00D8E953 /* PBXContainerItemProxy */ = {
			isa = PBXContainerItemProxy;
			containerPortal = CBE8325F28CC31D900D8E953 /* Pods.xcodeproj */;
			proxyType = 2;
			remoteGlobalIDString = E0EA1BBD3F8FB24090AAB0A0D49FF012;
			remoteInfo = "Pods-Langkawi-iOSTests";
		};
		CBE8326F28CC31DA00D8E953 /* PBXContainerItemProxy */ = {
			isa = PBXContainerItemProxy;
			containerPortal = CBE8325F28CC31D900D8E953 /* Pods.xcodeproj */;
			proxyType = 2;
			remoteGlobalIDString = 8ACA110EF3B35B3FCC08297B3799D9AD;
			remoteInfo = Swinject;
		};
		CBE832B028CC86D300D8E953 /* PBXContainerItemProxy */ = {
			isa = PBXContainerItemProxy;
			containerPortal = CBE8325F28CC31D900D8E953 /* Pods.xcodeproj */;
			proxyType = 2;
			remoteGlobalIDString = 921BE4A82C4A7A5C72A0C6F8B8FEF200;
			remoteInfo = Realm;
		};
		CBE832B228CC86D300D8E953 /* PBXContainerItemProxy */ = {
			isa = PBXContainerItemProxy;
			containerPortal = CBE8325F28CC31D900D8E953 /* Pods.xcodeproj */;
			proxyType = 2;
			remoteGlobalIDString = 437919EE08EC6BFCCBAC3BD346309742;
			remoteInfo = RealmSwift;
		};
/* End PBXContainerItemProxy section */

/* Begin PBXFileReference section */
		0FB5074A2A7DFD8D6B587B9A /* Pods-Langkawi-iOS-Langkawi-iOSUITests.release.xcconfig */ = {isa = PBXFileReference; includeInIndex = 1; lastKnownFileType = text.xcconfig; name = "Pods-Langkawi-iOS-Langkawi-iOSUITests.release.xcconfig"; path = "Target Support Files/Pods-Langkawi-iOS-Langkawi-iOSUITests/Pods-Langkawi-iOS-Langkawi-iOSUITests.release.xcconfig"; sourceTree = "<group>"; };
		2CC005C4FF07741F899D93DE /* Pods_Langkawi_iOS.framework */ = {isa = PBXFileReference; explicitFileType = wrapper.framework; includeInIndex = 0; path = Pods_Langkawi_iOS.framework; sourceTree = BUILT_PRODUCTS_DIR; };
		5DE3C9EB39E9A0854524CD91 /* Pods_Langkawi_iOS_Langkawi_iOSUITests.framework */ = {isa = PBXFileReference; explicitFileType = wrapper.framework; includeInIndex = 0; path = Pods_Langkawi_iOS_Langkawi_iOSUITests.framework; sourceTree = BUILT_PRODUCTS_DIR; };
		780788BFDD664249FFF35486 /* Pods-Langkawi-iOS.debug.xcconfig */ = {isa = PBXFileReference; includeInIndex = 1; lastKnownFileType = text.xcconfig; name = "Pods-Langkawi-iOS.debug.xcconfig"; path = "Target Support Files/Pods-Langkawi-iOS/Pods-Langkawi-iOS.debug.xcconfig"; sourceTree = "<group>"; };
		7EE08198AA45B70B46AF5D20 /* Pods-Langkawi-iOS-Langkawi-iOSUITests.debug.xcconfig */ = {isa = PBXFileReference; includeInIndex = 1; lastKnownFileType = text.xcconfig; name = "Pods-Langkawi-iOS-Langkawi-iOSUITests.debug.xcconfig"; path = "Target Support Files/Pods-Langkawi-iOS-Langkawi-iOSUITests/Pods-Langkawi-iOS-Langkawi-iOSUITests.debug.xcconfig"; sourceTree = "<group>"; };
		9090AA68838BCBBB7673B2F7 /* Pods-Langkawi-iOS.release.xcconfig */ = {isa = PBXFileReference; includeInIndex = 1; lastKnownFileType = text.xcconfig; name = "Pods-Langkawi-iOS.release.xcconfig"; path = "Target Support Files/Pods-Langkawi-iOS/Pods-Langkawi-iOS.release.xcconfig"; sourceTree = "<group>"; };
		93921279D7228086E98E29B4 /* Pods_Langkawi_iOSTests.framework */ = {isa = PBXFileReference; explicitFileType = wrapper.framework; includeInIndex = 0; path = Pods_Langkawi_iOSTests.framework; sourceTree = BUILT_PRODUCTS_DIR; };
		9BB9A71686E070BDFB597501 /* Pods-Langkawi-iOSTests.debug.xcconfig */ = {isa = PBXFileReference; includeInIndex = 1; lastKnownFileType = text.xcconfig; name = "Pods-Langkawi-iOSTests.debug.xcconfig"; path = "Target Support Files/Pods-Langkawi-iOSTests/Pods-Langkawi-iOSTests.debug.xcconfig"; sourceTree = "<group>"; };
		CB55F89C28E6798000D3056C /* TalkRoomCell.swift */ = {isa = PBXFileReference; lastKnownFileType = sourcecode.swift; path = TalkRoomCell.swift; sourceTree = "<group>"; };
		CB55F89E28E6996C00D3056C /* ModelSupport.swift */ = {isa = PBXFileReference; lastKnownFileType = sourcecode.swift; path = ModelSupport.swift; sourceTree = "<group>"; };
		CB668E0828DA943800A512B7 /* UserDetailViewController.swift */ = {isa = PBXFileReference; lastKnownFileType = sourcecode.swift; path = UserDetailViewController.swift; sourceTree = "<group>"; };
		CB668E0A28DA944500A512B7 /* UserDetailViewModel.swift */ = {isa = PBXFileReference; lastKnownFileType = sourcecode.swift; path = UserDetailViewModel.swift; sourceTree = "<group>"; };
		CB668E0C28DB159700A512B7 /* MessageDef.swift */ = {isa = PBXFileReference; lastKnownFileType = sourcecode.swift; path = MessageDef.swift; sourceTree = "<group>"; };
		CB668E0F28DC526000A512B7 /* AccountViewController.swift */ = {isa = PBXFileReference; lastKnownFileType = sourcecode.swift; path = AccountViewController.swift; sourceTree = "<group>"; };
		CB668E1128DC548F00A512B7 /* AccountViewModel.swift */ = {isa = PBXFileReference; lastKnownFileType = sourcecode.swift; path = AccountViewModel.swift; sourceTree = "<group>"; };
		CB668E1428E26DD700A512B7 /* NameEditViewController.swift */ = {isa = PBXFileReference; lastKnownFileType = sourcecode.swift; path = NameEditViewController.swift; sourceTree = "<group>"; };
		CB668E1628E26DE400A512B7 /* NameEditViewModel.swift */ = {isa = PBXFileReference; lastKnownFileType = sourcecode.swift; path = NameEditViewModel.swift; sourceTree = "<group>"; };
		CB668E1928E278F800A512B7 /* PickerViewDialog.swift */ = {isa = PBXFileReference; lastKnownFileType = sourcecode.swift; path = PickerViewDialog.swift; sourceTree = "<group>"; };
		CB668E1B28E27E9200A512B7 /* AgePickerViewDialog.swift */ = {isa = PBXFileReference; lastKnownFileType = sourcecode.swift; path = AgePickerViewDialog.swift; sourceTree = "<group>"; };
		CB668E1D28E283EF00A512B7 /* GenderPickerViewDialog.swift */ = {isa = PBXFileReference; lastKnownFileType = sourcecode.swift; path = GenderPickerViewDialog.swift; sourceTree = "<group>"; };
		CB668E1F28E2D6F100A512B7 /* DescriptionEditViewController.swift */ = {isa = PBXFileReference; lastKnownFileType = sourcecode.swift; path = DescriptionEditViewController.swift; sourceTree = "<group>"; };
		CB668E2128E2D75600A512B7 /* DescriptionEditViewModel.swift */ = {isa = PBXFileReference; lastKnownFileType = sourcecode.swift; path = DescriptionEditViewModel.swift; sourceTree = "<group>"; };
		CB668E2328E2D9B000A512B7 /* UserDetailAPI.swift */ = {isa = PBXFileReference; lastKnownFileType = sourcecode.swift; path = UserDetailAPI.swift; sourceTree = "<group>"; };
		CB668E2528E2DC0D00A512B7 /* ProjectStyles.swift */ = {isa = PBXFileReference; lastKnownFileType = sourcecode.swift; path = ProjectStyles.swift; sourceTree = "<group>"; };
		CB668E2728E66A6000A512B7 /* TalkRoomsResponse.swift */ = {isa = PBXFileReference; lastKnownFileType = sourcecode.swift; path = TalkRoomsResponse.swift; sourceTree = "<group>"; };
		CB668E2928E66A7300A512B7 /* TalkResponse.swift */ = {isa = PBXFileReference; lastKnownFileType = sourcecode.swift; path = TalkResponse.swift; sourceTree = "<group>"; };
		CB668E2B28E66AA300A512B7 /* SubmitterType.swift */ = {isa = PBXFileReference; lastKnownFileType = sourcecode.swift; path = SubmitterType.swift; sourceTree = "<group>"; };
		CB668E2D28E66DB900A512B7 /* TalkRoom.swift */ = {isa = PBXFileReference; lastKnownFileType = sourcecode.swift; path = TalkRoom.swift; sourceTree = "<group>"; };
		CB668E2F28E66E8E00A512B7 /* TalksResponse.swift */ = {isa = PBXFileReference; lastKnownFileType = sourcecode.swift; path = TalksResponse.swift; sourceTree = "<group>"; };
		CB668E3128E6708500A512B7 /* TalkAPI.swift */ = {isa = PBXFileReference; lastKnownFileType = sourcecode.swift; path = TalkAPI.swift; sourceTree = "<group>"; };
		CB668E3328E6715600A512B7 /* TalkStatus.swift */ = {isa = PBXFileReference; lastKnownFileType = sourcecode.swift; path = TalkStatus.swift; sourceTree = "<group>"; };
		CB668E3628E6747E00A512B7 /* TalkRoomViewController.swift */ = {isa = PBXFileReference; lastKnownFileType = sourcecode.swift; path = TalkRoomViewController.swift; sourceTree = "<group>"; };
		CB668E3828E674B600A512B7 /* TalkRoomViewModel.swift */ = {isa = PBXFileReference; lastKnownFileType = sourcecode.swift; path = TalkRoomViewModel.swift; sourceTree = "<group>"; };
		CBE831F628CC266300D8E953 /* Langkawi-iOS.app */ = {isa = PBXFileReference; explicitFileType = wrapper.application; includeInIndex = 0; path = "Langkawi-iOS.app"; sourceTree = BUILT_PRODUCTS_DIR; };
		CBE8320728CC266300D8E953 /* Info.plist */ = {isa = PBXFileReference; lastKnownFileType = text.plist.xml; path = Info.plist; sourceTree = "<group>"; };
		CBE8320C28CC266300D8E953 /* Langkawi-iOSTests.xctest */ = {isa = PBXFileReference; explicitFileType = wrapper.cfbundle; includeInIndex = 0; path = "Langkawi-iOSTests.xctest"; sourceTree = BUILT_PRODUCTS_DIR; };
		CBE8321028CC266300D8E953 /* Langkawi_iOSTests.swift */ = {isa = PBXFileReference; lastKnownFileType = sourcecode.swift; path = Langkawi_iOSTests.swift; sourceTree = "<group>"; };
		CBE8321628CC266300D8E953 /* Langkawi-iOSUITests.xctest */ = {isa = PBXFileReference; explicitFileType = wrapper.cfbundle; includeInIndex = 0; path = "Langkawi-iOSUITests.xctest"; sourceTree = BUILT_PRODUCTS_DIR; };
		CBE8321A28CC266300D8E953 /* Langkawi_iOSUITests.swift */ = {isa = PBXFileReference; lastKnownFileType = sourcecode.swift; path = Langkawi_iOSUITests.swift; sourceTree = "<group>"; };
		CBE8321C28CC266300D8E953 /* Langkawi_iOSUITestsLaunchTests.swift */ = {isa = PBXFileReference; lastKnownFileType = sourcecode.swift; path = Langkawi_iOSUITestsLaunchTests.swift; sourceTree = "<group>"; };
		CBE8325F28CC31D900D8E953 /* Pods.xcodeproj */ = {isa = PBXFileReference; lastKnownFileType = "wrapper.pb-project"; path = Pods.xcodeproj; sourceTree = "<group>"; };
		CBE8327528CC38BB00D8E953 /* DialogManager.swift */ = {isa = PBXFileReference; fileEncoding = 4; lastKnownFileType = sourcecode.swift; path = DialogManager.swift; sourceTree = "<group>"; };
		CBE8327628CC38BB00D8E953 /* SwinjectManager.swift */ = {isa = PBXFileReference; fileEncoding = 4; lastKnownFileType = sourcecode.swift; path = SwinjectManager.swift; sourceTree = "<group>"; };
		CBE8327728CC38BB00D8E953 /* FontSupport.swift */ = {isa = PBXFileReference; fileEncoding = 4; lastKnownFileType = sourcecode.swift; path = FontSupport.swift; sourceTree = "<group>"; };
		CBE8327828CC38BB00D8E953 /* LabelDef.swift */ = {isa = PBXFileReference; fileEncoding = 4; lastKnownFileType = sourcecode.swift; path = LabelDef.swift; sourceTree = "<group>"; };
		CBE8327A28CC38BB00D8E953 /* Base */ = {isa = PBXFileReference; lastKnownFileType = file.storyboard; name = Base; path = Base.lproj/LaunchScreen.storyboard; sourceTree = "<group>"; };
		CBE8327C28CC38BB00D8E953 /* ErrorResponse.swift */ = {isa = PBXFileReference; fileEncoding = 4; lastKnownFileType = sourcecode.swift; path = ErrorResponse.swift; sourceTree = "<group>"; };
		CBE8327D28CC38BB00D8E953 /* SuccessResponse.swift */ = {isa = PBXFileReference; fileEncoding = 4; lastKnownFileType = sourcecode.swift; path = SuccessResponse.swift; sourceTree = "<group>"; };
		CBE8328028CC38BB00D8E953 /* UISupport.swift */ = {isa = PBXFileReference; fileEncoding = 4; lastKnownFileType = sourcecode.swift; path = UISupport.swift; sourceTree = "<group>"; };
		CBE8328128CC38BB00D8E953 /* ProjectTextField.swift */ = {isa = PBXFileReference; fileEncoding = 4; lastKnownFileType = sourcecode.swift; path = ProjectTextField.swift; sourceTree = "<group>"; };
		CBE8328328CC38BB00D8E953 /* HomeViewController.swift */ = {isa = PBXFileReference; fileEncoding = 4; lastKnownFileType = sourcecode.swift; path = HomeViewController.swift; sourceTree = "<group>"; };
		CBE8328528CC38BB00D8E953 /* LoginViewController.swift */ = {isa = PBXFileReference; fileEncoding = 4; lastKnownFileType = sourcecode.swift; path = LoginViewController.swift; sourceTree = "<group>"; };
		CBE8328728CC38BB00D8E953 /* BaseAPI.swift */ = {isa = PBXFileReference; fileEncoding = 4; lastKnownFileType = sourcecode.swift; path = BaseAPI.swift; sourceTree = "<group>"; };
		CBE8328828CC38BB00D8E953 /* AppDelegate.swift */ = {isa = PBXFileReference; fileEncoding = 4; lastKnownFileType = sourcecode.swift; path = AppDelegate.swift; sourceTree = "<group>"; };
		CBE8328A28CC38BB00D8E953 /* Errors.swift */ = {isa = PBXFileReference; fileEncoding = 4; lastKnownFileType = sourcecode.swift; path = Errors.swift; sourceTree = "<group>"; };
		CBE8328B28CC38BB00D8E953 /* GlobalErrorHandler.swift */ = {isa = PBXFileReference; fileEncoding = 4; lastKnownFileType = sourcecode.swift; path = GlobalErrorHandler.swift; sourceTree = "<group>"; };
		CBE8328C28CC38BB00D8E953 /* SceneDelegate.swift */ = {isa = PBXFileReference; fileEncoding = 4; lastKnownFileType = sourcecode.swift; path = SceneDelegate.swift; sourceTree = "<group>"; };
		CBE8329E28CC38F500D8E953 /* Assets.xcassets */ = {isa = PBXFileReference; lastKnownFileType = folder.assetcatalog; path = Assets.xcassets; sourceTree = "<group>"; };
		CBE832A028CC38F500D8E953 /* Font Awesome 6 Free-Solid-900.otf */ = {isa = PBXFileReference; lastKnownFileType = file; path = "Font Awesome 6 Free-Solid-900.otf"; sourceTree = "<group>"; };
		CBE832A128CC38F500D8E953 /* Font Awesome 6 Free-Regular-400.otf */ = {isa = PBXFileReference; lastKnownFileType = file; path = "Font Awesome 6 Free-Regular-400.otf"; sourceTree = "<group>"; };
		CBE832A228CC38F500D8E953 /* Font Awesome 6 Brands-Regular-400.otf */ = {isa = PBXFileReference; lastKnownFileType = file; path = "Font Awesome 6 Brands-Regular-400.otf"; sourceTree = "<group>"; };
		CBE832B428CC86F600D8E953 /* DBKeyValue.swift */ = {isa = PBXFileReference; lastKnownFileType = sourcecode.swift; path = DBKeyValue.swift; sourceTree = "<group>"; };
		CBE832B628CC8CDA00D8E953 /* LoginAPI.swift */ = {isa = PBXFileReference; lastKnownFileType = sourcecode.swift; path = LoginAPI.swift; sourceTree = "<group>"; };
		CBE832B828CD78C500D8E953 /* RequestAdaptors.swift */ = {isa = PBXFileReference; lastKnownFileType = sourcecode.swift; path = RequestAdaptors.swift; sourceTree = "<group>"; };
		CBE832BA28CDA64900D8E953 /* LoginResponse.swift */ = {isa = PBXFileReference; lastKnownFileType = sourcecode.swift; path = LoginResponse.swift; sourceTree = "<group>"; };
		CBE832BC28CDA88400D8E953 /* LoginViewModel.swift */ = {isa = PBXFileReference; lastKnownFileType = sourcecode.swift; path = LoginViewModel.swift; sourceTree = "<group>"; };
		CBE832BE28CDAD1C00D8E953 /* APIHandler.swift */ = {isa = PBXFileReference; lastKnownFileType = sourcecode.swift; path = APIHandler.swift; sourceTree = "<group>"; };
		CBE832C028CEA47300D8E953 /* MainTabBarController.swift */ = {isa = PBXFileReference; lastKnownFileType = sourcecode.swift; path = MainTabBarController.swift; sourceTree = "<group>"; };
		CBE832C528D158BE00D8E953 /* UsersViewController.swift */ = {isa = PBXFileReference; lastKnownFileType = sourcecode.swift; path = UsersViewController.swift; sourceTree = "<group>"; };
		CBE832C828D1625500D8E953 /* UserCell.swift */ = {isa = PBXFileReference; lastKnownFileType = sourcecode.swift; path = UserCell.swift; sourceTree = "<group>"; };
		CBE832CA28D1735E00D8E953 /* UserAPI.swift */ = {isa = PBXFileReference; lastKnownFileType = sourcecode.swift; path = UserAPI.swift; sourceTree = "<group>"; };
		CBE832CC28D1747400D8E953 /* UsersResponse.swift */ = {isa = PBXFileReference; lastKnownFileType = sourcecode.swift; path = UsersResponse.swift; sourceTree = "<group>"; };
		CBE832CF28D1750800D8E953 /* UserType.swift */ = {isa = PBXFileReference; lastKnownFileType = sourcecode.swift; path = UserType.swift; sourceTree = "<group>"; };
		CBE832D128D175C500D8E953 /* GenderType.swift */ = {isa = PBXFileReference; lastKnownFileType = sourcecode.swift; path = GenderType.swift; sourceTree = "<group>"; };
		CBE832D328D1A2FF00D8E953 /* User.swift */ = {isa = PBXFileReference; lastKnownFileType = sourcecode.swift; path = User.swift; sourceTree = "<group>"; };
		CBE832D528D1A79800D8E953 /* UserDetail.swift */ = {isa = PBXFileReference; lastKnownFileType = sourcecode.swift; path = UserDetail.swift; sourceTree = "<group>"; };
		CBE832D728D1A7E700D8E953 /* ImageUrl.swift */ = {isa = PBXFileReference; lastKnownFileType = sourcecode.swift; path = ImageUrl.swift; sourceTree = "<group>"; };
		CBE832D928D1B28E00D8E953 /* UsersViewModel.swift */ = {isa = PBXFileReference; lastKnownFileType = sourcecode.swift; path = UsersViewModel.swift; sourceTree = "<group>"; };
		CBE832DB28D2AA5F00D8E953 /* ImageAPI.swift */ = {isa = PBXFileReference; lastKnownFileType = sourcecode.swift; path = ImageAPI.swift; sourceTree = "<group>"; };
		CBE832DD28D2FE7F00D8E953 /* DialogEventSupport.swift */ = {isa = PBXFileReference; lastKnownFileType = sourcecode.swift; path = DialogEventSupport.swift; sourceTree = "<group>"; };
		CBE832E128D3191A00D8E953 /* LifecycleInjector.swift */ = {isa = PBXFileReference; lastKnownFileType = sourcecode.swift; path = LifecycleInjector.swift; sourceTree = "<group>"; };
		CBE832E328D31A1500D8E953 /* BaseViewController.swift */ = {isa = PBXFileReference; lastKnownFileType = sourcecode.swift; path = BaseViewController.swift; sourceTree = "<group>"; };
		CBE832E528D321B300D8E953 /* UseEffectSupport.swift */ = {isa = PBXFileReference; lastKnownFileType = sourcecode.swift; path = UseEffectSupport.swift; sourceTree = "<group>"; };
		CBE832E728D697B000D8E953 /* RelationStatus.swift */ = {isa = PBXFileReference; lastKnownFileType = sourcecode.swift; path = RelationStatus.swift; sourceTree = "<group>"; };
		CBE832E928D6980900D8E953 /* RelationPositionStatus.swift */ = {isa = PBXFileReference; lastKnownFileType = sourcecode.swift; path = RelationPositionStatus.swift; sourceTree = "<group>"; };
		CBE832EB28D6994600D8E953 /* RelationResponse.swift */ = {isa = PBXFileReference; lastKnownFileType = sourcecode.swift; path = RelationResponse.swift; sourceTree = "<group>"; };
		CBE832ED28D699B000D8E953 /* RelationsResponse.swift */ = {isa = PBXFileReference; lastKnownFileType = sourcecode.swift; path = RelationsResponse.swift; sourceTree = "<group>"; };
		CBE832EF28D69F2C00D8E953 /* UserIntroductionCell.swift */ = {isa = PBXFileReference; lastKnownFileType = sourcecode.swift; path = UserIntroductionCell.swift; sourceTree = "<group>"; };
		CBE832F128D6A2B300D8E953 /* UserNameCell.swift */ = {isa = PBXFileReference; lastKnownFileType = sourcecode.swift; path = UserNameCell.swift; sourceTree = "<group>"; };
		CBE832F328D6A57100D8E953 /* RelatedUsersViewController.swift */ = {isa = PBXFileReference; lastKnownFileType = sourcecode.swift; path = RelatedUsersViewController.swift; sourceTree = "<group>"; };
		CBE832F528D6A58600D8E953 /* RelatedUsersViewModel.swift */ = {isa = PBXFileReference; lastKnownFileType = sourcecode.swift; path = RelatedUsersViewModel.swift; sourceTree = "<group>"; };
		CBE832F728D6B55F00D8E953 /* RelationAPI.swift */ = {isa = PBXFileReference; lastKnownFileType = sourcecode.swift; path = RelationAPI.swift; sourceTree = "<group>"; };
		CBE832FB28D9424900D8E953 /* LoginTokenManager.swift */ = {isa = PBXFileReference; lastKnownFileType = sourcecode.swift; path = LoginTokenManager.swift; sourceTree = "<group>"; };
		CBE832FE28D955AB00D8E953 /* FindViewController.swift */ = {isa = PBXFileReference; lastKnownFileType = sourcecode.swift; path = FindViewController.swift; sourceTree = "<group>"; };
		CBE8330028D960E000D8E953 /* FindViewModel.swift */ = {isa = PBXFileReference; lastKnownFileType = sourcecode.swift; path = FindViewModel.swift; sourceTree = "<group>"; };
		CBE8330328D9983700D8E953 /* PositionStatusUsersViewController.swift */ = {isa = PBXFileReference; lastKnownFileType = sourcecode.swift; path = PositionStatusUsersViewController.swift; sourceTree = "<group>"; };
		CBE8330528D9986300D8E953 /* PositionStatusUsersViewModel.swift */ = {isa = PBXFileReference; lastKnownFileType = sourcecode.swift; path = PositionStatusUsersViewModel.swift; sourceTree = "<group>"; };
		EDE25603DB1C09BBAED28223 /* Pods-Langkawi-iOSTests.release.xcconfig */ = {isa = PBXFileReference; includeInIndex = 1; lastKnownFileType = text.xcconfig; name = "Pods-Langkawi-iOSTests.release.xcconfig"; path = "Target Support Files/Pods-Langkawi-iOSTests/Pods-Langkawi-iOSTests.release.xcconfig"; sourceTree = "<group>"; };
/* End PBXFileReference section */

/* Begin PBXFrameworksBuildPhase section */
		CBE831F328CC266300D8E953 /* Frameworks */ = {
			isa = PBXFrameworksBuildPhase;
			buildActionMask = 2147483647;
			files = (
				0BED73361B9D646C72AEBA32 /* Pods_Langkawi_iOS.framework in Frameworks */,
			);
			runOnlyForDeploymentPostprocessing = 0;
		};
		CBE8320928CC266300D8E953 /* Frameworks */ = {
			isa = PBXFrameworksBuildPhase;
			buildActionMask = 2147483647;
			files = (
				5EBB9657A979975C0394BBE7 /* Pods_Langkawi_iOSTests.framework in Frameworks */,
			);
			runOnlyForDeploymentPostprocessing = 0;
		};
		CBE8321328CC266300D8E953 /* Frameworks */ = {
			isa = PBXFrameworksBuildPhase;
			buildActionMask = 2147483647;
			files = (
				22766530167464AAE58F52BC /* Pods_Langkawi_iOS_Langkawi_iOSUITests.framework in Frameworks */,
			);
			runOnlyForDeploymentPostprocessing = 0;
		};
/* End PBXFrameworksBuildPhase section */

/* Begin PBXGroup section */
		C812A51B9D5A4810B22E4992 /* Pods */ = {
			isa = PBXGroup;
			children = (
				CBE8325F28CC31D900D8E953 /* Pods.xcodeproj */,
				780788BFDD664249FFF35486 /* Pods-Langkawi-iOS.debug.xcconfig */,
				9090AA68838BCBBB7673B2F7 /* Pods-Langkawi-iOS.release.xcconfig */,
				7EE08198AA45B70B46AF5D20 /* Pods-Langkawi-iOS-Langkawi-iOSUITests.debug.xcconfig */,
				0FB5074A2A7DFD8D6B587B9A /* Pods-Langkawi-iOS-Langkawi-iOSUITests.release.xcconfig */,
				9BB9A71686E070BDFB597501 /* Pods-Langkawi-iOSTests.debug.xcconfig */,
				EDE25603DB1C09BBAED28223 /* Pods-Langkawi-iOSTests.release.xcconfig */,
			);
			path = Pods;
			sourceTree = "<group>";
		};
		CB668E0028DA941B00A512B7 /* UserDetail */ = {
			isa = PBXGroup;
			children = (
				CB668E0828DA943800A512B7 /* UserDetailViewController.swift */,
				CB668E0A28DA944500A512B7 /* UserDetailViewModel.swift */,
			);
			path = UserDetail;
			sourceTree = "<group>";
		};
		CB668E0E28DC521B00A512B7 /* Account */ = {
			isa = PBXGroup;
			children = (
				CB668E0F28DC526000A512B7 /* AccountViewController.swift */,
				CB668E1128DC548F00A512B7 /* AccountViewModel.swift */,
				CB668E1328E26D0600A512B7 /* Edit */,
			);
			path = Account;
			sourceTree = "<group>";
		};
		CB668E1328E26D0600A512B7 /* Edit */ = {
			isa = PBXGroup;
			children = (
				CB668E1F28E2D6F100A512B7 /* DescriptionEditViewController.swift */,
				CB668E2128E2D75600A512B7 /* DescriptionEditViewModel.swift */,
				CB668E1428E26DD700A512B7 /* NameEditViewController.swift */,
				CB668E1628E26DE400A512B7 /* NameEditViewModel.swift */,
			);
			path = Edit;
			sourceTree = "<group>";
		};
		CB668E1828E2778800A512B7 /* Dialog */ = {
			isa = PBXGroup;
			children = (
				CB668E1B28E27E9200A512B7 /* AgePickerViewDialog.swift */,
				CB668E1D28E283EF00A512B7 /* GenderPickerViewDialog.swift */,
				CB668E1928E278F800A512B7 /* PickerViewDialog.swift */,
			);
			path = Dialog;
			sourceTree = "<group>";
		};
		CB668E3528E6744100A512B7 /* TalkRoom */ = {
			isa = PBXGroup;
			children = (
				CB668E3628E6747E00A512B7 /* TalkRoomViewController.swift */,
				CB668E3828E674B600A512B7 /* TalkRoomViewModel.swift */,
			);
			path = TalkRoom;
			sourceTree = "<group>";
		};
		CBE831ED28CC266300D8E953 = {
			isa = PBXGroup;
			children = (
				CBE831F828CC266300D8E953 /* Langkawi-iOS */,
				CBE8320F28CC266300D8E953 /* Langkawi-iOSTests */,
				CBE8321928CC266300D8E953 /* Langkawi-iOSUITests */,
				C812A51B9D5A4810B22E4992 /* Pods */,
				D3EB055DDC6A7638CC8C5665 /* Frameworks */,
				CBE831F728CC266300D8E953 /* Products */,
			);
			sourceTree = "<group>";
		};
		CBE831F728CC266300D8E953 /* Products */ = {
			isa = PBXGroup;
			children = (
				CBE831F628CC266300D8E953 /* Langkawi-iOS.app */,
				CBE8320C28CC266300D8E953 /* Langkawi-iOSTests.xctest */,
				CBE8321628CC266300D8E953 /* Langkawi-iOSUITests.xctest */,
			);
			name = Products;
			sourceTree = "<group>";
		};
		CBE831F828CC266300D8E953 /* Langkawi-iOS */ = {
			isa = PBXGroup;
			children = (
				CBE8320728CC266300D8E953 /* Info.plist */,
				CBE8329D28CC38F500D8E953 /* Resource */,
				CBE8327328CC38BB00D8E953 /* Source */,
			);
			path = "Langkawi-iOS";
			sourceTree = "<group>";
		};
		CBE8320F28CC266300D8E953 /* Langkawi-iOSTests */ = {
			isa = PBXGroup;
			children = (
				CBE8321028CC266300D8E953 /* Langkawi_iOSTests.swift */,
			);
			path = "Langkawi-iOSTests";
			sourceTree = "<group>";
		};
		CBE8321928CC266300D8E953 /* Langkawi-iOSUITests */ = {
			isa = PBXGroup;
			children = (
				CBE8321A28CC266300D8E953 /* Langkawi_iOSUITests.swift */,
				CBE8321C28CC266300D8E953 /* Langkawi_iOSUITestsLaunchTests.swift */,
			);
			path = "Langkawi-iOSUITests";
			sourceTree = "<group>";
		};
		CBE8326028CC31D900D8E953 /* Products */ = {
			isa = PBXGroup;
			children = (
				CBE8326828CC31DA00D8E953 /* Alamofire */,
				CBE8326A28CC31DA00D8E953 /* Pods-Langkawi-iOS */,
				CBE8326C28CC31DA00D8E953 /* Pods-Langkawi-iOS-Langkawi-iOSUITests */,
				CBE8326E28CC31DA00D8E953 /* Pods-Langkawi-iOSTests */,
				CBE832B128CC86D300D8E953 /* Realm */,
				CBE832B328CC86D300D8E953 /* RealmSwift */,
				CBE8327028CC31DA00D8E953 /* Swinject */,
			);
			name = Products;
			sourceTree = "<group>";
		};
		CBE8327328CC38BB00D8E953 /* Source */ = {
			isa = PBXGroup;
			children = (
				CBE8328828CC38BB00D8E953 /* AppDelegate.swift */,
				CBE8328C28CC38BB00D8E953 /* SceneDelegate.swift */,
				CBE8328628CC38BB00D8E953 /* API */,
				CBE832CE28D174BC00D8E953 /* Enum */,
				CBE8328928CC38BB00D8E953 /* Error */,
				CBE8327928CC38BB00D8E953 /* LaunchScreen.storyboard */,
				CBE8327B28CC38BB00D8E953 /* Model */,
				CBE8327428CC38BB00D8E953 /* Utils */,
				CBE8327E28CC38BB00D8E953 /* View */,
			);
			path = Source;
			sourceTree = "<group>";
		};
		CBE8327428CC38BB00D8E953 /* Utils */ = {
			isa = PBXGroup;
			children = (
				CBE8327528CC38BB00D8E953 /* DialogManager.swift */,
				CBE8327728CC38BB00D8E953 /* FontSupport.swift */,
				CBE8327828CC38BB00D8E953 /* LabelDef.swift */,
				CBE832FB28D9424900D8E953 /* LoginTokenManager.swift */,
				CB668E0C28DB159700A512B7 /* MessageDef.swift */,
				CBE8327628CC38BB00D8E953 /* SwinjectManager.swift */,
			);
			path = Utils;
			sourceTree = "<group>";
		};
		CBE8327B28CC38BB00D8E953 /* Model */ = {
			isa = PBXGroup;
			children = (
				CBE832B428CC86F600D8E953 /* DBKeyValue.swift */,
				CBE8327C28CC38BB00D8E953 /* ErrorResponse.swift */,
				CBE832D728D1A7E700D8E953 /* ImageUrl.swift */,
				CBE832BA28CDA64900D8E953 /* LoginResponse.swift */,
				CBE832EB28D6994600D8E953 /* RelationResponse.swift */,
				CBE832ED28D699B000D8E953 /* RelationsResponse.swift */,
				CBE8327D28CC38BB00D8E953 /* SuccessResponse.swift */,
				CB668E2928E66A7300A512B7 /* TalkResponse.swift */,
				CB668E2D28E66DB900A512B7 /* TalkRoom.swift */,
				CB668E2728E66A6000A512B7 /* TalkRoomsResponse.swift */,
				CB668E2F28E66E8E00A512B7 /* TalksResponse.swift */,
				CBE832D328D1A2FF00D8E953 /* User.swift */,
				CBE832D528D1A79800D8E953 /* UserDetail.swift */,
				CBE832CC28D1747400D8E953 /* UsersResponse.swift */,
			);
			path = Model;
			sourceTree = "<group>";
		};
		CBE8327E28CC38BB00D8E953 /* View */ = {
			isa = PBXGroup;
			children = (
				CBE8327F28CC38BB00D8E953 /* Component */,
				CBE8328228CC38BB00D8E953 /* Screen */,
			);
			path = View;
			sourceTree = "<group>";
		};
		CBE8327F28CC38BB00D8E953 /* Component */ = {
			isa = PBXGroup;
			children = (
				CBE832E328D31A1500D8E953 /* BaseViewController.swift */,
				CBE832DD28D2FE7F00D8E953 /* DialogEventSupport.swift */,
				CBE832E128D3191A00D8E953 /* LifecycleInjector.swift */,
				CB55F89E28E6996C00D3056C /* ModelSupport.swift */,
				CB668E2528E2DC0D00A512B7 /* ProjectStyles.swift */,
				CBE8328128CC38BB00D8E953 /* ProjectTextField.swift */,
				CBE8328028CC38BB00D8E953 /* UISupport.swift */,
				CBE832E528D321B300D8E953 /* UseEffectSupport.swift */,
				CBE832C728D1623800D8E953 /* Cell */,
				CBE832FD28D9554500D8E953 /* Collection */,
				CB668E1828E2778800A512B7 /* Dialog */,
			);
			path = Component;
			sourceTree = "<group>";
		};
		CBE8328228CC38BB00D8E953 /* Screen */ = {
			isa = PBXGroup;
			children = (
				CBE832C028CEA47300D8E953 /* MainTabBarController.swift */,
				CBE8328428CC38BB00D8E953 /* Login */,
				CBE8330228D9981400D8E953 /* PositionStatusUsers */,
				CBE832C328D1584600D8E953 /* Tab */,
				CB668E0028DA941B00A512B7 /* UserDetail */,
			);
			path = Screen;
			sourceTree = "<group>";
		};
		CBE8328428CC38BB00D8E953 /* Login */ = {
			isa = PBXGroup;
			children = (
				CBE8328528CC38BB00D8E953 /* LoginViewController.swift */,
				CBE832BC28CDA88400D8E953 /* LoginViewModel.swift */,
			);
			path = Login;
			sourceTree = "<group>";
		};
		CBE8328628CC38BB00D8E953 /* API */ = {
			isa = PBXGroup;
			children = (
				CBE832BE28CDAD1C00D8E953 /* APIHandler.swift */,
				CBE8328728CC38BB00D8E953 /* BaseAPI.swift */,
				CBE832DB28D2AA5F00D8E953 /* ImageAPI.swift */,
				CBE832B628CC8CDA00D8E953 /* LoginAPI.swift */,
				CBE832F728D6B55F00D8E953 /* RelationAPI.swift */,
				CBE832B828CD78C500D8E953 /* RequestAdaptors.swift */,
				CB668E3128E6708500A512B7 /* TalkAPI.swift */,
				CBE832CA28D1735E00D8E953 /* UserAPI.swift */,
				CB668E2328E2D9B000A512B7 /* UserDetailAPI.swift */,
			);
			path = API;
			sourceTree = "<group>";
		};
		CBE8328928CC38BB00D8E953 /* Error */ = {
			isa = PBXGroup;
			children = (
				CBE8328A28CC38BB00D8E953 /* Errors.swift */,
				CBE8328B28CC38BB00D8E953 /* GlobalErrorHandler.swift */,
			);
			path = Error;
			sourceTree = "<group>";
		};
		CBE8329D28CC38F500D8E953 /* Resource */ = {
			isa = PBXGroup;
			children = (
				CBE8329E28CC38F500D8E953 /* Assets.xcassets */,
				CBE8329F28CC38F500D8E953 /* Fonts */,
			);
			path = Resource;
			sourceTree = "<group>";
		};
		CBE8329F28CC38F500D8E953 /* Fonts */ = {
			isa = PBXGroup;
			children = (
				CBE832A028CC38F500D8E953 /* Font Awesome 6 Free-Solid-900.otf */,
				CBE832A128CC38F500D8E953 /* Font Awesome 6 Free-Regular-400.otf */,
				CBE832A228CC38F500D8E953 /* Font Awesome 6 Brands-Regular-400.otf */,
			);
			path = Fonts;
			sourceTree = "<group>";
		};
		CBE832C228CEA4DA00D8E953 /* Home */ = {
			isa = PBXGroup;
			children = (
				CBE8328328CC38BB00D8E953 /* HomeViewController.swift */,
			);
			path = Home;
			sourceTree = "<group>";
		};
		CBE832C328D1584600D8E953 /* Tab */ = {
			isa = PBXGroup;
			children = (
				CB668E0E28DC521B00A512B7 /* Account */,
				CBE832C428D158AF00D8E953 /* Find */,
				CBE832C228CEA4DA00D8E953 /* Home */,
				CB668E3528E6744100A512B7 /* TalkRoom */,
			);
			path = Tab;
			sourceTree = "<group>";
		};
		CBE832C428D158AF00D8E953 /* Find */ = {
			isa = PBXGroup;
			children = (
				CBE832FE28D955AB00D8E953 /* FindViewController.swift */,
				CBE8330028D960E000D8E953 /* FindViewModel.swift */,
			);
			path = Find;
			sourceTree = "<group>";
		};
		CBE832C728D1623800D8E953 /* Cell */ = {
			isa = PBXGroup;
			children = (
				CB55F89C28E6798000D3056C /* TalkRoomCell.swift */,
				CBE832C828D1625500D8E953 /* UserCell.swift */,
				CBE832EF28D69F2C00D8E953 /* UserIntroductionCell.swift */,
				CBE832F128D6A2B300D8E953 /* UserNameCell.swift */,
			);
			path = Cell;
			sourceTree = "<group>";
		};
		CBE832CE28D174BC00D8E953 /* Enum */ = {
			isa = PBXGroup;
			children = (
				CBE832D128D175C500D8E953 /* GenderType.swift */,
				CBE832E928D6980900D8E953 /* RelationPositionStatus.swift */,
				CBE832E728D697B000D8E953 /* RelationStatus.swift */,
				CB668E2B28E66AA300A512B7 /* SubmitterType.swift */,
				CB668E3328E6715600A512B7 /* TalkStatus.swift */,
				CBE832CF28D1750800D8E953 /* UserType.swift */,
			);
			path = Enum;
			sourceTree = "<group>";
		};
		CBE832FD28D9554500D8E953 /* Collection */ = {
			isa = PBXGroup;
			children = (
				CBE832F328D6A57100D8E953 /* RelatedUsersViewController.swift */,
				CBE832F528D6A58600D8E953 /* RelatedUsersViewModel.swift */,
				CBE832C528D158BE00D8E953 /* UsersViewController.swift */,
				CBE832D928D1B28E00D8E953 /* UsersViewModel.swift */,
			);
			path = Collection;
			sourceTree = "<group>";
		};
		CBE8330228D9981400D8E953 /* PositionStatusUsers */ = {
			isa = PBXGroup;
			children = (
				CBE8330328D9983700D8E953 /* PositionStatusUsersViewController.swift */,
				CBE8330528D9986300D8E953 /* PositionStatusUsersViewModel.swift */,
			);
			path = PositionStatusUsers;
			sourceTree = "<group>";
		};
		D3EB055DDC6A7638CC8C5665 /* Frameworks */ = {
			isa = PBXGroup;
			children = (
				2CC005C4FF07741F899D93DE /* Pods_Langkawi_iOS.framework */,
				5DE3C9EB39E9A0854524CD91 /* Pods_Langkawi_iOS_Langkawi_iOSUITests.framework */,
				93921279D7228086E98E29B4 /* Pods_Langkawi_iOSTests.framework */,
			);
			name = Frameworks;
			sourceTree = "<group>";
		};
/* End PBXGroup section */

/* Begin PBXNativeTarget section */
		CBE831F528CC266300D8E953 /* Langkawi-iOS */ = {
			isa = PBXNativeTarget;
			buildConfigurationList = CBE8322028CC266300D8E953 /* Build configuration list for PBXNativeTarget "Langkawi-iOS" */;
			buildPhases = (
				DFB00ECC1744A84753CDC2E7 /* [CP] Check Pods Manifest.lock */,
				CBE831F228CC266300D8E953 /* Sources */,
				CBE831F328CC266300D8E953 /* Frameworks */,
				CBE831F428CC266300D8E953 /* Resources */,
				A3182FACBF93B6FC28FE650A /* [CP] Embed Pods Frameworks */,
			);
			buildRules = (
			);
			dependencies = (
			);
			name = "Langkawi-iOS";
			productName = "Langkawi-iOS";
			productReference = CBE831F628CC266300D8E953 /* Langkawi-iOS.app */;
			productType = "com.apple.product-type.application";
		};
		CBE8320B28CC266300D8E953 /* Langkawi-iOSTests */ = {
			isa = PBXNativeTarget;
			buildConfigurationList = CBE8322328CC266300D8E953 /* Build configuration list for PBXNativeTarget "Langkawi-iOSTests" */;
			buildPhases = (
				2C16E03B55AA086593115FBD /* [CP] Check Pods Manifest.lock */,
				CBE8320828CC266300D8E953 /* Sources */,
				CBE8320928CC266300D8E953 /* Frameworks */,
				CBE8320A28CC266300D8E953 /* Resources */,
			);
			buildRules = (
			);
			dependencies = (
				CBE8320E28CC266300D8E953 /* PBXTargetDependency */,
			);
			name = "Langkawi-iOSTests";
			productName = "Langkawi-iOSTests";
			productReference = CBE8320C28CC266300D8E953 /* Langkawi-iOSTests.xctest */;
			productType = "com.apple.product-type.bundle.unit-test";
		};
		CBE8321528CC266300D8E953 /* Langkawi-iOSUITests */ = {
			isa = PBXNativeTarget;
			buildConfigurationList = CBE8322628CC266300D8E953 /* Build configuration list for PBXNativeTarget "Langkawi-iOSUITests" */;
			buildPhases = (
				974E26E9D06F3DD9D91344B5 /* [CP] Check Pods Manifest.lock */,
				CBE8321228CC266300D8E953 /* Sources */,
				CBE8321328CC266300D8E953 /* Frameworks */,
				CBE8321428CC266300D8E953 /* Resources */,
				875069C515DA0D236CA60F93 /* [CP] Embed Pods Frameworks */,
			);
			buildRules = (
			);
			dependencies = (
				CBE8321828CC266300D8E953 /* PBXTargetDependency */,
			);
			name = "Langkawi-iOSUITests";
			productName = "Langkawi-iOSUITests";
			productReference = CBE8321628CC266300D8E953 /* Langkawi-iOSUITests.xctest */;
			productType = "com.apple.product-type.bundle.ui-testing";
		};
/* End PBXNativeTarget section */

/* Begin PBXProject section */
		CBE831EE28CC266300D8E953 /* Project object */ = {
			isa = PBXProject;
			attributes = {
				BuildIndependentTargetsInParallel = 1;
				LastSwiftUpdateCheck = 1340;
				LastUpgradeCheck = 1340;
				TargetAttributes = {
					CBE831F528CC266300D8E953 = {
						CreatedOnToolsVersion = 13.4.1;
					};
					CBE8320B28CC266300D8E953 = {
						CreatedOnToolsVersion = 13.4.1;
						TestTargetID = CBE831F528CC266300D8E953;
					};
					CBE8321528CC266300D8E953 = {
						CreatedOnToolsVersion = 13.4.1;
						TestTargetID = CBE831F528CC266300D8E953;
					};
				};
			};
			buildConfigurationList = CBE831F128CC266300D8E953 /* Build configuration list for PBXProject "Langkawi-iOS" */;
			compatibilityVersion = "Xcode 13.0";
			developmentRegion = en;
			hasScannedForEncodings = 0;
			knownRegions = (
				en,
				Base,
			);
			mainGroup = CBE831ED28CC266300D8E953;
			productRefGroup = CBE831F728CC266300D8E953 /* Products */;
			projectDirPath = "";
			projectReferences = (
				{
					ProductGroup = CBE8326028CC31D900D8E953 /* Products */;
					ProjectRef = CBE8325F28CC31D900D8E953 /* Pods.xcodeproj */;
				},
			);
			projectRoot = "";
			targets = (
				CBE831F528CC266300D8E953 /* Langkawi-iOS */,
				CBE8320B28CC266300D8E953 /* Langkawi-iOSTests */,
				CBE8321528CC266300D8E953 /* Langkawi-iOSUITests */,
			);
		};
/* End PBXProject section */

/* Begin PBXReferenceProxy section */
		CBE8326828CC31DA00D8E953 /* Alamofire */ = {
			isa = PBXReferenceProxy;
			fileType = wrapper.framework;
			name = Alamofire;
			path = Alamofire.framework;
			remoteRef = CBE8326728CC31DA00D8E953 /* PBXContainerItemProxy */;
			sourceTree = BUILT_PRODUCTS_DIR;
		};
		CBE8326A28CC31DA00D8E953 /* Pods-Langkawi-iOS */ = {
			isa = PBXReferenceProxy;
			fileType = wrapper.framework;
			name = "Pods-Langkawi-iOS";
			path = Pods_Langkawi_iOS.framework;
			remoteRef = CBE8326928CC31DA00D8E953 /* PBXContainerItemProxy */;
			sourceTree = BUILT_PRODUCTS_DIR;
		};
		CBE8326C28CC31DA00D8E953 /* Pods-Langkawi-iOS-Langkawi-iOSUITests */ = {
			isa = PBXReferenceProxy;
			fileType = wrapper.framework;
			name = "Pods-Langkawi-iOS-Langkawi-iOSUITests";
			path = Pods_Langkawi_iOS_Langkawi_iOSUITests.framework;
			remoteRef = CBE8326B28CC31DA00D8E953 /* PBXContainerItemProxy */;
			sourceTree = BUILT_PRODUCTS_DIR;
		};
		CBE8326E28CC31DA00D8E953 /* Pods-Langkawi-iOSTests */ = {
			isa = PBXReferenceProxy;
			fileType = wrapper.framework;
			name = "Pods-Langkawi-iOSTests";
			path = Pods_Langkawi_iOSTests.framework;
			remoteRef = CBE8326D28CC31DA00D8E953 /* PBXContainerItemProxy */;
			sourceTree = BUILT_PRODUCTS_DIR;
		};
		CBE8327028CC31DA00D8E953 /* Swinject */ = {
			isa = PBXReferenceProxy;
			fileType = wrapper.framework;
			name = Swinject;
			path = Swinject.framework;
			remoteRef = CBE8326F28CC31DA00D8E953 /* PBXContainerItemProxy */;
			sourceTree = BUILT_PRODUCTS_DIR;
		};
		CBE832B128CC86D300D8E953 /* Realm */ = {
			isa = PBXReferenceProxy;
			fileType = wrapper.framework;
			name = Realm;
			path = Realm.framework;
			remoteRef = CBE832B028CC86D300D8E953 /* PBXContainerItemProxy */;
			sourceTree = BUILT_PRODUCTS_DIR;
		};
		CBE832B328CC86D300D8E953 /* RealmSwift */ = {
			isa = PBXReferenceProxy;
			fileType = wrapper.framework;
			name = RealmSwift;
			path = RealmSwift.framework;
			remoteRef = CBE832B228CC86D300D8E953 /* PBXContainerItemProxy */;
			sourceTree = BUILT_PRODUCTS_DIR;
		};
/* End PBXReferenceProxy section */

/* Begin PBXResourcesBuildPhase section */
		CBE831F428CC266300D8E953 /* Resources */ = {
			isa = PBXResourcesBuildPhase;
			buildActionMask = 2147483647;
			files = (
				CBE832A628CC38F500D8E953 /* Font Awesome 6 Brands-Regular-400.otf in Resources */,
				CBE832A428CC38F500D8E953 /* Font Awesome 6 Free-Solid-900.otf in Resources */,
				CBE832A328CC38F500D8E953 /* Assets.xcassets in Resources */,
				CBE832A528CC38F500D8E953 /* Font Awesome 6 Free-Regular-400.otf in Resources */,
				CBE8329128CC38BB00D8E953 /* LaunchScreen.storyboard in Resources */,
			);
			runOnlyForDeploymentPostprocessing = 0;
		};
		CBE8320A28CC266300D8E953 /* Resources */ = {
			isa = PBXResourcesBuildPhase;
			buildActionMask = 2147483647;
			files = (
			);
			runOnlyForDeploymentPostprocessing = 0;
		};
		CBE8321428CC266300D8E953 /* Resources */ = {
			isa = PBXResourcesBuildPhase;
			buildActionMask = 2147483647;
			files = (
			);
			runOnlyForDeploymentPostprocessing = 0;
		};
/* End PBXResourcesBuildPhase section */

/* Begin PBXShellScriptBuildPhase section */
		2C16E03B55AA086593115FBD /* [CP] Check Pods Manifest.lock */ = {
			isa = PBXShellScriptBuildPhase;
			buildActionMask = 2147483647;
			files = (
			);
			inputFileListPaths = (
			);
			inputPaths = (
				"${PODS_PODFILE_DIR_PATH}/Podfile.lock",
				"${PODS_ROOT}/Manifest.lock",
			);
			name = "[CP] Check Pods Manifest.lock";
			outputFileListPaths = (
			);
			outputPaths = (
				"$(DERIVED_FILE_DIR)/Pods-Langkawi-iOSTests-checkManifestLockResult.txt",
			);
			runOnlyForDeploymentPostprocessing = 0;
			shellPath = /bin/sh;
			shellScript = "diff \"${PODS_PODFILE_DIR_PATH}/Podfile.lock\" \"${PODS_ROOT}/Manifest.lock\" > /dev/null\nif [ $? != 0 ] ; then\n    # print error to STDERR\n    echo \"error: The sandbox is not in sync with the Podfile.lock. Run 'pod install' or update your CocoaPods installation.\" >&2\n    exit 1\nfi\n# This output is used by Xcode 'outputs' to avoid re-running this script phase.\necho \"SUCCESS\" > \"${SCRIPT_OUTPUT_FILE_0}\"\n";
			showEnvVarsInLog = 0;
		};
		875069C515DA0D236CA60F93 /* [CP] Embed Pods Frameworks */ = {
			isa = PBXShellScriptBuildPhase;
			buildActionMask = 2147483647;
			files = (
			);
			inputFileListPaths = (
				"${PODS_ROOT}/Target Support Files/Pods-Langkawi-iOS-Langkawi-iOSUITests/Pods-Langkawi-iOS-Langkawi-iOSUITests-frameworks-${CONFIGURATION}-input-files.xcfilelist",
			);
			name = "[CP] Embed Pods Frameworks";
			outputFileListPaths = (
				"${PODS_ROOT}/Target Support Files/Pods-Langkawi-iOS-Langkawi-iOSUITests/Pods-Langkawi-iOS-Langkawi-iOSUITests-frameworks-${CONFIGURATION}-output-files.xcfilelist",
			);
			runOnlyForDeploymentPostprocessing = 0;
			shellPath = /bin/sh;
			shellScript = "\"${PODS_ROOT}/Target Support Files/Pods-Langkawi-iOS-Langkawi-iOSUITests/Pods-Langkawi-iOS-Langkawi-iOSUITests-frameworks.sh\"\n";
			showEnvVarsInLog = 0;
		};
		974E26E9D06F3DD9D91344B5 /* [CP] Check Pods Manifest.lock */ = {
			isa = PBXShellScriptBuildPhase;
			buildActionMask = 2147483647;
			files = (
			);
			inputFileListPaths = (
			);
			inputPaths = (
				"${PODS_PODFILE_DIR_PATH}/Podfile.lock",
				"${PODS_ROOT}/Manifest.lock",
			);
			name = "[CP] Check Pods Manifest.lock";
			outputFileListPaths = (
			);
			outputPaths = (
				"$(DERIVED_FILE_DIR)/Pods-Langkawi-iOS-Langkawi-iOSUITests-checkManifestLockResult.txt",
			);
			runOnlyForDeploymentPostprocessing = 0;
			shellPath = /bin/sh;
			shellScript = "diff \"${PODS_PODFILE_DIR_PATH}/Podfile.lock\" \"${PODS_ROOT}/Manifest.lock\" > /dev/null\nif [ $? != 0 ] ; then\n    # print error to STDERR\n    echo \"error: The sandbox is not in sync with the Podfile.lock. Run 'pod install' or update your CocoaPods installation.\" >&2\n    exit 1\nfi\n# This output is used by Xcode 'outputs' to avoid re-running this script phase.\necho \"SUCCESS\" > \"${SCRIPT_OUTPUT_FILE_0}\"\n";
			showEnvVarsInLog = 0;
		};
		A3182FACBF93B6FC28FE650A /* [CP] Embed Pods Frameworks */ = {
			isa = PBXShellScriptBuildPhase;
			buildActionMask = 2147483647;
			files = (
			);
			inputFileListPaths = (
				"${PODS_ROOT}/Target Support Files/Pods-Langkawi-iOS/Pods-Langkawi-iOS-frameworks-${CONFIGURATION}-input-files.xcfilelist",
			);
			name = "[CP] Embed Pods Frameworks";
			outputFileListPaths = (
				"${PODS_ROOT}/Target Support Files/Pods-Langkawi-iOS/Pods-Langkawi-iOS-frameworks-${CONFIGURATION}-output-files.xcfilelist",
			);
			runOnlyForDeploymentPostprocessing = 0;
			shellPath = /bin/sh;
			shellScript = "\"${PODS_ROOT}/Target Support Files/Pods-Langkawi-iOS/Pods-Langkawi-iOS-frameworks.sh\"\n";
			showEnvVarsInLog = 0;
		};
		DFB00ECC1744A84753CDC2E7 /* [CP] Check Pods Manifest.lock */ = {
			isa = PBXShellScriptBuildPhase;
			buildActionMask = 2147483647;
			files = (
			);
			inputFileListPaths = (
			);
			inputPaths = (
				"${PODS_PODFILE_DIR_PATH}/Podfile.lock",
				"${PODS_ROOT}/Manifest.lock",
			);
			name = "[CP] Check Pods Manifest.lock";
			outputFileListPaths = (
			);
			outputPaths = (
				"$(DERIVED_FILE_DIR)/Pods-Langkawi-iOS-checkManifestLockResult.txt",
			);
			runOnlyForDeploymentPostprocessing = 0;
			shellPath = /bin/sh;
			shellScript = "diff \"${PODS_PODFILE_DIR_PATH}/Podfile.lock\" \"${PODS_ROOT}/Manifest.lock\" > /dev/null\nif [ $? != 0 ] ; then\n    # print error to STDERR\n    echo \"error: The sandbox is not in sync with the Podfile.lock. Run 'pod install' or update your CocoaPods installation.\" >&2\n    exit 1\nfi\n# This output is used by Xcode 'outputs' to avoid re-running this script phase.\necho \"SUCCESS\" > \"${SCRIPT_OUTPUT_FILE_0}\"\n";
			showEnvVarsInLog = 0;
		};
/* End PBXShellScriptBuildPhase section */

/* Begin PBXSourcesBuildPhase section */
		CBE831F228CC266300D8E953 /* Sources */ = {
			isa = PBXSourcesBuildPhase;
			buildActionMask = 2147483647;
			files = (
				CBE832CD28D1747400D8E953 /* UsersResponse.swift in Sources */,
				CBE832BF28CDAD1C00D8E953 /* APIHandler.swift in Sources */,
				CB668E0928DA943800A512B7 /* UserDetailViewController.swift in Sources */,
				CB55F89F28E6996C00D3056C /* ModelSupport.swift in Sources */,
				CB668E3928E674B600A512B7 /* TalkRoomViewModel.swift in Sources */,
				CBE8330128D960E000D8E953 /* FindViewModel.swift in Sources */,
				CBE8330628D9986300D8E953 /* PositionStatusUsersViewModel.swift in Sources */,
				CBE8329928CC38BB00D8E953 /* AppDelegate.swift in Sources */,
				CBE832FC28D9424900D8E953 /* LoginTokenManager.swift in Sources */,
				CB668E2628E2DC0D00A512B7 /* ProjectStyles.swift in Sources */,
				CBE832EE28D699B000D8E953 /* RelationsResponse.swift in Sources */,
				CB668E2A28E66A7300A512B7 /* TalkResponse.swift in Sources */,
				CB668E3728E6747E00A512B7 /* TalkRoomViewController.swift in Sources */,
				CBE832C128CEA47300D8E953 /* MainTabBarController.swift in Sources */,
				CBE8329228CC38BB00D8E953 /* ErrorResponse.swift in Sources */,
				CBE832E428D31A1500D8E953 /* BaseViewController.swift in Sources */,
				CBE832B728CC8CDA00D8E953 /* LoginAPI.swift in Sources */,
				CBE8329528CC38BB00D8E953 /* ProjectTextField.swift in Sources */,
				CB668E2C28E66AA300A512B7 /* SubmitterType.swift in Sources */,
				CBE832E228D3191A00D8E953 /* LifecycleInjector.swift in Sources */,
				CBE8329028CC38BB00D8E953 /* LabelDef.swift in Sources */,
				CBE832F028D69F2C00D8E953 /* UserIntroductionCell.swift in Sources */,
				CB668E3428E6715600A512B7 /* TalkStatus.swift in Sources */,
				CB668E1528E26DD700A512B7 /* NameEditViewController.swift in Sources */,
				CBE832F628D6A58600D8E953 /* RelatedUsersViewModel.swift in Sources */,
				CBE832D428D1A2FF00D8E953 /* User.swift in Sources */,
				CB668E3228E6708500A512B7 /* TalkAPI.swift in Sources */,
				CBE832C628D158BE00D8E953 /* UsersViewController.swift in Sources */,
				CBE832C928D1625500D8E953 /* UserCell.swift in Sources */,
				CB668E2028E2D6F100A512B7 /* DescriptionEditViewController.swift in Sources */,
				CB668E2828E66A6000A512B7 /* TalkRoomsResponse.swift in Sources */,
				CB668E1728E26DE400A512B7 /* NameEditViewModel.swift in Sources */,
				CBE8328F28CC38BB00D8E953 /* FontSupport.swift in Sources */,
				CB668E2228E2D75600A512B7 /* DescriptionEditViewModel.swift in Sources */,
				CBE832BB28CDA64900D8E953 /* LoginResponse.swift in Sources */,
				CBE8330428D9983700D8E953 /* PositionStatusUsersViewController.swift in Sources */,
				CBE832DC28D2AA5F00D8E953 /* ImageAPI.swift in Sources */,
				CB668E3028E66E8E00A512B7 /* TalksResponse.swift in Sources */,
				CBE832D628D1A79800D8E953 /* UserDetail.swift in Sources */,
				CBE8329C28CC38BB00D8E953 /* SceneDelegate.swift in Sources */,
				CBE832BD28CDA88400D8E953 /* LoginViewModel.swift in Sources */,
				CBE832EA28D6980900D8E953 /* RelationPositionStatus.swift in Sources */,
				CBE832F428D6A57100D8E953 /* RelatedUsersViewController.swift in Sources */,
				CBE832D228D175C500D8E953 /* GenderType.swift in Sources */,
				CBE8329428CC38BB00D8E953 /* UISupport.swift in Sources */,
				CBE832F828D6B55F00D8E953 /* RelationAPI.swift in Sources */,
				CB668E1028DC526000A512B7 /* AccountViewController.swift in Sources */,
				CB668E2E28E66DB900A512B7 /* TalkRoom.swift in Sources */,
				CBE832E828D697B000D8E953 /* RelationStatus.swift in Sources */,
				CBE8328E28CC38BB00D8E953 /* SwinjectManager.swift in Sources */,
				CBE832E628D321B300D8E953 /* UseEffectSupport.swift in Sources */,
				CBE8329A28CC38BB00D8E953 /* Errors.swift in Sources */,
				CBE8329828CC38BB00D8E953 /* BaseAPI.swift in Sources */,
				CBE8329628CC38BB00D8E953 /* HomeViewController.swift in Sources */,
				CBE832B528CC86F600D8E953 /* DBKeyValue.swift in Sources */,
				CB668E1E28E283EF00A512B7 /* GenderPickerViewDialog.swift in Sources */,
				CB668E1A28E278F800A512B7 /* PickerViewDialog.swift in Sources */,
				CBE832FF28D955AB00D8E953 /* FindViewController.swift in Sources */,
				CBE8329328CC38BB00D8E953 /* SuccessResponse.swift in Sources */,
				CBE832B928CD78C500D8E953 /* RequestAdaptors.swift in Sources */,
				CBE8329728CC38BB00D8E953 /* LoginViewController.swift in Sources */,
				CBE832D828D1A7E700D8E953 /* ImageUrl.swift in Sources */,
				CB55F89D28E6798000D3056C /* TalkRoomCell.swift in Sources */,
				CBE832DE28D2FE7F00D8E953 /* DialogEventSupport.swift in Sources */,
				CBE832F228D6A2B300D8E953 /* UserNameCell.swift in Sources */,
				CBE832DA28D1B28E00D8E953 /* UsersViewModel.swift in Sources */,
				CBE832D028D1750800D8E953 /* UserType.swift in Sources */,
				CBE8328D28CC38BB00D8E953 /* DialogManager.swift in Sources */,
				CB668E1228DC548F00A512B7 /* AccountViewModel.swift in Sources */,
				CBE832CB28D1735E00D8E953 /* UserAPI.swift in Sources */,
				CB668E2428E2D9B000A512B7 /* UserDetailAPI.swift in Sources */,
				CBE832EC28D6994600D8E953 /* RelationResponse.swift in Sources */,
				CB668E0D28DB159700A512B7 /* MessageDef.swift in Sources */,
				CBE8329B28CC38BB00D8E953 /* GlobalErrorHandler.swift in Sources */,
				CB668E1C28E27E9200A512B7 /* AgePickerViewDialog.swift in Sources */,
				CB668E0B28DA944500A512B7 /* UserDetailViewModel.swift in Sources */,
			);
			runOnlyForDeploymentPostprocessing = 0;
		};
		CBE8320828CC266300D8E953 /* Sources */ = {
			isa = PBXSourcesBuildPhase;
			buildActionMask = 2147483647;
			files = (
				CBE8321128CC266300D8E953 /* Langkawi_iOSTests.swift in Sources */,
			);
			runOnlyForDeploymentPostprocessing = 0;
		};
		CBE8321228CC266300D8E953 /* Sources */ = {
			isa = PBXSourcesBuildPhase;
			buildActionMask = 2147483647;
			files = (
				CBE8321D28CC266300D8E953 /* Langkawi_iOSUITestsLaunchTests.swift in Sources */,
				CBE8321B28CC266300D8E953 /* Langkawi_iOSUITests.swift in Sources */,
			);
			runOnlyForDeploymentPostprocessing = 0;
		};
/* End PBXSourcesBuildPhase section */

/* Begin PBXTargetDependency section */
		CBE8320E28CC266300D8E953 /* PBXTargetDependency */ = {
			isa = PBXTargetDependency;
			target = CBE831F528CC266300D8E953 /* Langkawi-iOS */;
			targetProxy = CBE8320D28CC266300D8E953 /* PBXContainerItemProxy */;
		};
		CBE8321828CC266300D8E953 /* PBXTargetDependency */ = {
			isa = PBXTargetDependency;
			target = CBE831F528CC266300D8E953 /* Langkawi-iOS */;
			targetProxy = CBE8321728CC266300D8E953 /* PBXContainerItemProxy */;
		};
/* End PBXTargetDependency section */

/* Begin PBXVariantGroup section */
		CBE8327928CC38BB00D8E953 /* LaunchScreen.storyboard */ = {
			isa = PBXVariantGroup;
			children = (
				CBE8327A28CC38BB00D8E953 /* Base */,
			);
			name = LaunchScreen.storyboard;
			sourceTree = "<group>";
		};
/* End PBXVariantGroup section */

/* Begin XCBuildConfiguration section */
		CBE8321E28CC266300D8E953 /* Debug */ = {
			isa = XCBuildConfiguration;
			buildSettings = {
				ALWAYS_SEARCH_USER_PATHS = NO;
				CLANG_ANALYZER_NONNULL = YES;
				CLANG_ANALYZER_NUMBER_OBJECT_CONVERSION = YES_AGGRESSIVE;
				CLANG_CXX_LANGUAGE_STANDARD = "gnu++17";
				CLANG_ENABLE_MODULES = YES;
				CLANG_ENABLE_OBJC_ARC = YES;
				CLANG_ENABLE_OBJC_WEAK = YES;
				CLANG_WARN_BLOCK_CAPTURE_AUTORELEASING = YES;
				CLANG_WARN_BOOL_CONVERSION = YES;
				CLANG_WARN_COMMA = YES;
				CLANG_WARN_CONSTANT_CONVERSION = YES;
				CLANG_WARN_DEPRECATED_OBJC_IMPLEMENTATIONS = YES;
				CLANG_WARN_DIRECT_OBJC_ISA_USAGE = YES_ERROR;
				CLANG_WARN_DOCUMENTATION_COMMENTS = YES;
				CLANG_WARN_EMPTY_BODY = YES;
				CLANG_WARN_ENUM_CONVERSION = YES;
				CLANG_WARN_INFINITE_RECURSION = YES;
				CLANG_WARN_INT_CONVERSION = YES;
				CLANG_WARN_NON_LITERAL_NULL_CONVERSION = YES;
				CLANG_WARN_OBJC_IMPLICIT_RETAIN_SELF = YES;
				CLANG_WARN_OBJC_LITERAL_CONVERSION = YES;
				CLANG_WARN_OBJC_ROOT_CLASS = YES_ERROR;
				CLANG_WARN_QUOTED_INCLUDE_IN_FRAMEWORK_HEADER = YES;
				CLANG_WARN_RANGE_LOOP_ANALYSIS = YES;
				CLANG_WARN_STRICT_PROTOTYPES = YES;
				CLANG_WARN_SUSPICIOUS_MOVE = YES;
				CLANG_WARN_UNGUARDED_AVAILABILITY = YES_AGGRESSIVE;
				CLANG_WARN_UNREACHABLE_CODE = YES;
				CLANG_WARN__DUPLICATE_METHOD_MATCH = YES;
				COPY_PHASE_STRIP = NO;
				DEBUG_INFORMATION_FORMAT = dwarf;
				ENABLE_STRICT_OBJC_MSGSEND = YES;
				ENABLE_TESTABILITY = YES;
				GCC_C_LANGUAGE_STANDARD = gnu11;
				GCC_DYNAMIC_NO_PIC = NO;
				GCC_NO_COMMON_BLOCKS = YES;
				GCC_OPTIMIZATION_LEVEL = 0;
				GCC_PREPROCESSOR_DEFINITIONS = (
					"DEBUG=1",
					"$(inherited)",
				);
				GCC_WARN_64_TO_32_BIT_CONVERSION = YES;
				GCC_WARN_ABOUT_RETURN_TYPE = YES_ERROR;
				GCC_WARN_UNDECLARED_SELECTOR = YES;
				GCC_WARN_UNINITIALIZED_AUTOS = YES_AGGRESSIVE;
				GCC_WARN_UNUSED_FUNCTION = YES;
				GCC_WARN_UNUSED_VARIABLE = YES;
				IPHONEOS_DEPLOYMENT_TARGET = 15.5;
				MTL_ENABLE_DEBUG_INFO = INCLUDE_SOURCE;
				MTL_FAST_MATH = YES;
				ONLY_ACTIVE_ARCH = YES;
				SDKROOT = iphoneos;
				SWIFT_ACTIVE_COMPILATION_CONDITIONS = DEBUG;
				SWIFT_OPTIMIZATION_LEVEL = "-Onone";
			};
			name = Debug;
		};
		CBE8321F28CC266300D8E953 /* Release */ = {
			isa = XCBuildConfiguration;
			buildSettings = {
				ALWAYS_SEARCH_USER_PATHS = NO;
				CLANG_ANALYZER_NONNULL = YES;
				CLANG_ANALYZER_NUMBER_OBJECT_CONVERSION = YES_AGGRESSIVE;
				CLANG_CXX_LANGUAGE_STANDARD = "gnu++17";
				CLANG_ENABLE_MODULES = YES;
				CLANG_ENABLE_OBJC_ARC = YES;
				CLANG_ENABLE_OBJC_WEAK = YES;
				CLANG_WARN_BLOCK_CAPTURE_AUTORELEASING = YES;
				CLANG_WARN_BOOL_CONVERSION = YES;
				CLANG_WARN_COMMA = YES;
				CLANG_WARN_CONSTANT_CONVERSION = YES;
				CLANG_WARN_DEPRECATED_OBJC_IMPLEMENTATIONS = YES;
				CLANG_WARN_DIRECT_OBJC_ISA_USAGE = YES_ERROR;
				CLANG_WARN_DOCUMENTATION_COMMENTS = YES;
				CLANG_WARN_EMPTY_BODY = YES;
				CLANG_WARN_ENUM_CONVERSION = YES;
				CLANG_WARN_INFINITE_RECURSION = YES;
				CLANG_WARN_INT_CONVERSION = YES;
				CLANG_WARN_NON_LITERAL_NULL_CONVERSION = YES;
				CLANG_WARN_OBJC_IMPLICIT_RETAIN_SELF = YES;
				CLANG_WARN_OBJC_LITERAL_CONVERSION = YES;
				CLANG_WARN_OBJC_ROOT_CLASS = YES_ERROR;
				CLANG_WARN_QUOTED_INCLUDE_IN_FRAMEWORK_HEADER = YES;
				CLANG_WARN_RANGE_LOOP_ANALYSIS = YES;
				CLANG_WARN_STRICT_PROTOTYPES = YES;
				CLANG_WARN_SUSPICIOUS_MOVE = YES;
				CLANG_WARN_UNGUARDED_AVAILABILITY = YES_AGGRESSIVE;
				CLANG_WARN_UNREACHABLE_CODE = YES;
				CLANG_WARN__DUPLICATE_METHOD_MATCH = YES;
				COPY_PHASE_STRIP = NO;
				DEBUG_INFORMATION_FORMAT = "dwarf-with-dsym";
				ENABLE_NS_ASSERTIONS = NO;
				ENABLE_STRICT_OBJC_MSGSEND = YES;
				GCC_C_LANGUAGE_STANDARD = gnu11;
				GCC_NO_COMMON_BLOCKS = YES;
				GCC_WARN_64_TO_32_BIT_CONVERSION = YES;
				GCC_WARN_ABOUT_RETURN_TYPE = YES_ERROR;
				GCC_WARN_UNDECLARED_SELECTOR = YES;
				GCC_WARN_UNINITIALIZED_AUTOS = YES_AGGRESSIVE;
				GCC_WARN_UNUSED_FUNCTION = YES;
				GCC_WARN_UNUSED_VARIABLE = YES;
				IPHONEOS_DEPLOYMENT_TARGET = 15.5;
				MTL_ENABLE_DEBUG_INFO = NO;
				MTL_FAST_MATH = YES;
				SDKROOT = iphoneos;
				SWIFT_COMPILATION_MODE = wholemodule;
				SWIFT_OPTIMIZATION_LEVEL = "-O";
				VALIDATE_PRODUCT = YES;
			};
			name = Release;
		};
		CBE8322128CC266300D8E953 /* Debug */ = {
			isa = XCBuildConfiguration;
			baseConfigurationReference = 780788BFDD664249FFF35486 /* Pods-Langkawi-iOS.debug.xcconfig */;
			buildSettings = {
				ASSETCATALOG_COMPILER_APPICON_NAME = AppIcon;
				ASSETCATALOG_COMPILER_GLOBAL_ACCENT_COLOR_NAME = AccentColor;
				CODE_SIGN_STYLE = Automatic;
				CURRENT_PROJECT_VERSION = 1;
				DEVELOPMENT_TEAM = 7SCK3YMYAS;
				GENERATE_INFOPLIST_FILE = YES;
				INFOPLIST_FILE = "Langkawi-iOS/Info.plist";
				INFOPLIST_KEY_UIApplicationSupportsIndirectInputEvents = YES;
				INFOPLIST_KEY_UILaunchStoryboardName = LaunchScreen;
				INFOPLIST_KEY_UISupportedInterfaceOrientations_iPhone = "UIInterfaceOrientationPortrait UIInterfaceOrientationLandscapeLeft UIInterfaceOrientationLandscapeRight";
				LD_RUNPATH_SEARCH_PATHS = (
					"$(inherited)",
					"@executable_path/Frameworks",
				);
				MARKETING_VERSION = 1.0;
				PRODUCT_BUNDLE_IDENTIFIER = "com.yukimaterrace.Langkawi-iOS";
				PRODUCT_NAME = "$(TARGET_NAME)";
				SWIFT_EMIT_LOC_STRINGS = YES;
				SWIFT_VERSION = 5.0;
				TARGETED_DEVICE_FAMILY = 1;
			};
			name = Debug;
		};
		CBE8322228CC266300D8E953 /* Release */ = {
			isa = XCBuildConfiguration;
			baseConfigurationReference = 9090AA68838BCBBB7673B2F7 /* Pods-Langkawi-iOS.release.xcconfig */;
			buildSettings = {
				ASSETCATALOG_COMPILER_APPICON_NAME = AppIcon;
				ASSETCATALOG_COMPILER_GLOBAL_ACCENT_COLOR_NAME = AccentColor;
				CODE_SIGN_STYLE = Automatic;
				CURRENT_PROJECT_VERSION = 1;
				DEVELOPMENT_TEAM = 7SCK3YMYAS;
				GENERATE_INFOPLIST_FILE = YES;
				INFOPLIST_FILE = "Langkawi-iOS/Info.plist";
				INFOPLIST_KEY_UIApplicationSupportsIndirectInputEvents = YES;
				INFOPLIST_KEY_UILaunchStoryboardName = LaunchScreen;
				INFOPLIST_KEY_UISupportedInterfaceOrientations_iPhone = "UIInterfaceOrientationPortrait UIInterfaceOrientationLandscapeLeft UIInterfaceOrientationLandscapeRight";
				LD_RUNPATH_SEARCH_PATHS = (
					"$(inherited)",
					"@executable_path/Frameworks",
				);
				MARKETING_VERSION = 1.0;
				PRODUCT_BUNDLE_IDENTIFIER = "com.yukimaterrace.Langkawi-iOS";
				PRODUCT_NAME = "$(TARGET_NAME)";
				SWIFT_EMIT_LOC_STRINGS = YES;
				SWIFT_VERSION = 5.0;
				TARGETED_DEVICE_FAMILY = 1;
			};
			name = Release;
		};
		CBE8322428CC266300D8E953 /* Debug */ = {
			isa = XCBuildConfiguration;
			baseConfigurationReference = 9BB9A71686E070BDFB597501 /* Pods-Langkawi-iOSTests.debug.xcconfig */;
			buildSettings = {
				ALWAYS_EMBED_SWIFT_STANDARD_LIBRARIES = YES;
				BUNDLE_LOADER = "$(TEST_HOST)";
				CODE_SIGN_STYLE = Automatic;
				CURRENT_PROJECT_VERSION = 1;
				DEVELOPMENT_TEAM = 7SCK3YMYAS;
				GENERATE_INFOPLIST_FILE = YES;
				IPHONEOS_DEPLOYMENT_TARGET = 15.5;
				MARKETING_VERSION = 1.0;
				PRODUCT_BUNDLE_IDENTIFIER = "com.yukimaterrace.Langkawi-iOSTests";
				PRODUCT_NAME = "$(TARGET_NAME)";
				SWIFT_EMIT_LOC_STRINGS = NO;
				SWIFT_VERSION = 5.0;
				TARGETED_DEVICE_FAMILY = "1,2";
				TEST_HOST = "$(BUILT_PRODUCTS_DIR)/Langkawi-iOS.app/Langkawi-iOS";
			};
			name = Debug;
		};
		CBE8322528CC266300D8E953 /* Release */ = {
			isa = XCBuildConfiguration;
			baseConfigurationReference = EDE25603DB1C09BBAED28223 /* Pods-Langkawi-iOSTests.release.xcconfig */;
			buildSettings = {
				ALWAYS_EMBED_SWIFT_STANDARD_LIBRARIES = YES;
				BUNDLE_LOADER = "$(TEST_HOST)";
				CODE_SIGN_STYLE = Automatic;
				CURRENT_PROJECT_VERSION = 1;
				DEVELOPMENT_TEAM = 7SCK3YMYAS;
				GENERATE_INFOPLIST_FILE = YES;
				IPHONEOS_DEPLOYMENT_TARGET = 15.5;
				MARKETING_VERSION = 1.0;
				PRODUCT_BUNDLE_IDENTIFIER = "com.yukimaterrace.Langkawi-iOSTests";
				PRODUCT_NAME = "$(TARGET_NAME)";
				SWIFT_EMIT_LOC_STRINGS = NO;
				SWIFT_VERSION = 5.0;
				TARGETED_DEVICE_FAMILY = "1,2";
				TEST_HOST = "$(BUILT_PRODUCTS_DIR)/Langkawi-iOS.app/Langkawi-iOS";
			};
			name = Release;
		};
		CBE8322728CC266300D8E953 /* Debug */ = {
			isa = XCBuildConfiguration;
			baseConfigurationReference = 7EE08198AA45B70B46AF5D20 /* Pods-Langkawi-iOS-Langkawi-iOSUITests.debug.xcconfig */;
			buildSettings = {
				ALWAYS_EMBED_SWIFT_STANDARD_LIBRARIES = YES;
				CODE_SIGN_STYLE = Automatic;
				CURRENT_PROJECT_VERSION = 1;
				DEVELOPMENT_TEAM = 7SCK3YMYAS;
				GENERATE_INFOPLIST_FILE = YES;
				MARKETING_VERSION = 1.0;
				PRODUCT_BUNDLE_IDENTIFIER = "com.yukimaterrace.Langkawi-iOSUITests";
				PRODUCT_NAME = "$(TARGET_NAME)";
				SWIFT_EMIT_LOC_STRINGS = NO;
				SWIFT_VERSION = 5.0;
				TARGETED_DEVICE_FAMILY = "1,2";
				TEST_TARGET_NAME = "Langkawi-iOS";
			};
			name = Debug;
		};
		CBE8322828CC266300D8E953 /* Release */ = {
			isa = XCBuildConfiguration;
			baseConfigurationReference = 0FB5074A2A7DFD8D6B587B9A /* Pods-Langkawi-iOS-Langkawi-iOSUITests.release.xcconfig */;
			buildSettings = {
				ALWAYS_EMBED_SWIFT_STANDARD_LIBRARIES = YES;
				CODE_SIGN_STYLE = Automatic;
				CURRENT_PROJECT_VERSION = 1;
				DEVELOPMENT_TEAM = 7SCK3YMYAS;
				GENERATE_INFOPLIST_FILE = YES;
				MARKETING_VERSION = 1.0;
				PRODUCT_BUNDLE_IDENTIFIER = "com.yukimaterrace.Langkawi-iOSUITests";
				PRODUCT_NAME = "$(TARGET_NAME)";
				SWIFT_EMIT_LOC_STRINGS = NO;
				SWIFT_VERSION = 5.0;
				TARGETED_DEVICE_FAMILY = "1,2";
				TEST_TARGET_NAME = "Langkawi-iOS";
			};
			name = Release;
		};
/* End XCBuildConfiguration section */

/* Begin XCConfigurationList section */
		CBE831F128CC266300D8E953 /* Build configuration list for PBXProject "Langkawi-iOS" */ = {
			isa = XCConfigurationList;
			buildConfigurations = (
				CBE8321E28CC266300D8E953 /* Debug */,
				CBE8321F28CC266300D8E953 /* Release */,
			);
			defaultConfigurationIsVisible = 0;
			defaultConfigurationName = Release;
		};
		CBE8322028CC266300D8E953 /* Build configuration list for PBXNativeTarget "Langkawi-iOS" */ = {
			isa = XCConfigurationList;
			buildConfigurations = (
				CBE8322128CC266300D8E953 /* Debug */,
				CBE8322228CC266300D8E953 /* Release */,
			);
			defaultConfigurationIsVisible = 0;
			defaultConfigurationName = Release;
		};
		CBE8322328CC266300D8E953 /* Build configuration list for PBXNativeTarget "Langkawi-iOSTests" */ = {
			isa = XCConfigurationList;
			buildConfigurations = (
				CBE8322428CC266300D8E953 /* Debug */,
				CBE8322528CC266300D8E953 /* Release */,
			);
			defaultConfigurationIsVisible = 0;
			defaultConfigurationName = Release;
		};
		CBE8322628CC266300D8E953 /* Build configuration list for PBXNativeTarget "Langkawi-iOSUITests" */ = {
			isa = XCConfigurationList;
			buildConfigurations = (
				CBE8322728CC266300D8E953 /* Debug */,
				CBE8322828CC266300D8E953 /* Release */,
			);
			defaultConfigurationIsVisible = 0;
			defaultConfigurationName = Release;
		};
/* End XCConfigurationList section */
	};
	rootObject = CBE831EE28CC266300D8E953 /* Project object */;
}
